// !$*UTF8*$!
{
	archiveVersion = 1;
	classes = {
	};
	objectVersion = 77;
	objects = {

/* Begin PBXBuildFile section */
		0656680B2C4131F4E8C7C468 /* SharedSettingsStore.swift in Sources */ = {isa = PBXBuildFile; fileRef = 430103A240A0ADBA6602CFD4 /* SharedSettingsStore.swift */; };
		0970952846ACB82A8BE651E2 /* ExcelWorkbook.xlsx in Resources */ = {isa = PBXBuildFile; fileRef = 114EBEE2BCF0E3F316D9736F /* ExcelWorkbook.xlsx */; };
		0CC83A157DF8D0C249B1FA72 /* DashboardModuleView.swift in Sources */ = {isa = PBXBuildFile; fileRef = 71C31F15DCABF7FD0A23C98A /* DashboardModuleView.swift */; };
		0F940A4DA43062C240F0BBAC /* CalendarMonthTests.swift in Sources */ = {isa = PBXBuildFile; fileRef = 670BAEAFBCAEA461D7DB6583 /* CalendarMonthTests.swift */; };
		107D6B9D13E4E5D245F522C3 /* CalendarMonth.swift in Sources */ = {isa = PBXBuildFile; fileRef = EE74DD0E6128977929468F55 /* CalendarMonth.swift */; };
		13A825BA2A79E26CCB29DA98 /* InputProcessingTests.swift in Sources */ = {isa = PBXBuildFile; fileRef = 904E61E09A7F8B1CF52F5BC5 /* InputProcessingTests.swift */; };
		14CCCF4FDB47A825C09AB0C8 /* FewerVersion.swift in Sources */ = {isa = PBXBuildFile; fileRef = E0A0155D67E2F30B665E379D /* FewerVersion.swift */; };
		17090C268020FF5F08184A30 /* TemplateSettingsView.swift in Sources */ = {isa = PBXBuildFile; fileRef = A683A7A030197CBDFF60FC65 /* TemplateSettingsView.swift */; };
		189982D48E3F5B1DBA1AE7CF /* ExtensionStatusService.swift in Sources */ = {isa = PBXBuildFile; fileRef = 0142F0BB91E18752AA48161B /* ExtensionStatusService.swift */; };
		199D2D71B9E3592779AFEE67 /* HotKeyManager.swift in Sources */ = {isa = PBXBuildFile; fileRef = 5AA4EB7E77FB676160EFC97E /* HotKeyManager.swift */; };
		1CE6AA89F4E574715D7ACB7F /* CalendarMonthPickerView.swift in Sources */ = {isa = PBXBuildFile; fileRef = 0160A276150CA87B4FBA5264 /* CalendarMonthPickerView.swift */; };
		1CFCECA0EFB6B33FF7315ACB /* ShortcutHelperApp.swift in Sources */ = {isa = PBXBuildFile; fileRef = 39B1888298D269F8B4733B8D /* ShortcutHelperApp.swift */; };
		1DFC7FF6359EA6ABDD1D51F6 /* ModuleModels.swift in Sources */ = {isa = PBXBuildFile; fileRef = 6B9902E5F19DB16D8E1E8D4A /* ModuleModels.swift */; };
		1F73E77350163DDF9AA17F1B /* ToolboxPanelView.swift in Sources */ = {isa = PBXBuildFile; fileRef = ABF687E8CA41F612B935809E /* ToolboxPanelView.swift */; };
		20A1E4E474F66E540BE68EA9 /* PinWindowController.swift in Sources */ = {isa = PBXBuildFile; fileRef = 5D034E874E2BDACE96E1B216 /* PinWindowController.swift */; };
		2342D58AA1DB24043B49A79A /* TerminalAppTests.swift in Sources */ = {isa = PBXBuildFile; fileRef = 5DEFAF443B5AD48FB7BFA793 /* TerminalAppTests.swift */; };
		260E232621F12FBC0961ED83 /* JSON.json in Resources */ = {isa = PBXBuildFile; fileRef = E486E0C370001BDD1F254F2D /* JSON.json */; };
		26405D23D1CE516DCDBB93F0 /* RootSettingsView.swift in Sources */ = {isa = PBXBuildFile; fileRef = 2627C6E9227CE2954509FB90 /* RootSettingsView.swift */; };
		27B3C39D1F4F730CB00BC729 /* libFewerCore.a in Frameworks */ = {isa = PBXBuildFile; fileRef = 3854C15E4503AB3F4DAA3E14 /* libFewerCore.a */; };
		28894378639BAAFF0489B53A /* ScreenshotModelsTests.swift in Sources */ = {isa = PBXBuildFile; fileRef = 236C36BC6C265C040437BF9B /* ScreenshotModelsTests.swift */; };
		29F3DB16406BEA3BD4DD557B /* PowerPointPresentation.pptx in Resources */ = {isa = PBXBuildFile; fileRef = F660A6AF69A4B53BD4DE2C74 /* PowerPointPresentation.pptx */; };
		2D133236C7D3CCAAD61DF40E /* Stats.txt in Resources */ = {isa = PBXBuildFile; fileRef = 57ADD7A9253836626A46F7B4 /* Stats.txt */; };
		30A5A572FB43C114AB54CB37 /* CutTransaction.swift in Sources */ = {isa = PBXBuildFile; fileRef = 6B14690F0109FC1301C39F29 /* CutTransaction.swift */; };
		31A6D6CFAF3604851BDBC8F2 /* JSON.json in Resources */ = {isa = PBXBuildFile; fileRef = E486E0C370001BDD1F254F2D /* JSON.json */; };
		31C2F046A3DB032D48E444C8 /* GestureHUDController.swift in Sources */ = {isa = PBXBuildFile; fileRef = 2DB5CEEFF898CECC7187F318 /* GestureHUDController.swift */; };
		3230381418AE4D0A23ED55B1 /* SystemActionsService.swift in Sources */ = {isa = PBXBuildFile; fileRef = 67D90C6E40E0B8C0D1D9EB6A /* SystemActionsService.swift */; };
		36A3E7DB8AEDDDB5DC4446D9 /* ZoomableCanvasScrollView.swift in Sources */ = {isa = PBXBuildFile; fileRef = 0D839DF5D77BBEC2926E6F2D /* ZoomableCanvasScrollView.swift */; };
		378A12491F746AE53039BD0B /* FileOperationCoordinator.swift in Sources */ = {isa = PBXBuildFile; fileRef = E2B5D5B09515F2B4D82DA2AB /* FileOperationCoordinator.swift */; };
		391892BA64BBDA8195F930D4 /* ShortcutHelperStatusStore.swift in Sources */ = {isa = PBXBuildFile; fileRef = 36A0222668A9AE3A638244D3 /* ShortcutHelperStatusStore.swift */; };
		3A18C88DC050530E2F32C175 /* libFewerCore.a in Frameworks */ = {isa = PBXBuildFile; fileRef = 3854C15E4503AB3F4DAA3E14 /* libFewerCore.a */; };
		3B10C42D651063E616004627 /* PlainText.txt in Resources */ = {isa = PBXBuildFile; fileRef = 4BAA6F16E7BCDB7EAE702FE1 /* PlainText.txt */; };
		3CCE98766A9F41E21C8F8C45 /* PathFormatter.swift in Sources */ = {isa = PBXBuildFile; fileRef = D3044175E13BAA149D682285 /* PathFormatter.swift */; };
		3EA0C1690D1355B6B0D54111 /* CalendarAgendaView.swift in Sources */ = {isa = PBXBuildFile; fileRef = 3F6B653BC2FD2C52673E8CA4 /* CalendarAgendaView.swift */; };
		4642A3C08C52D93D7F546110 /* CSV.csv in Resources */ = {isa = PBXBuildFile; fileRef = 47314DC883D7AF703A400FFA /* CSV.csv */; };
		4A8FA2B0137CA41C7134CA33 /* StatusBarMetricsOptions.swift in Sources */ = {isa = PBXBuildFile; fileRef = 53A7491B371B25E37B03F074 /* StatusBarMetricsOptions.swift */; };
		4D2B48D069475F59BC68BEBA /* AppPresentationMode.swift in Sources */ = {isa = PBXBuildFile; fileRef = 7645E579480968FF99EA3994 /* AppPresentationMode.swift */; };
		4EBB18DE347FC059146C0603 /* ModuleHost.swift in Sources */ = {isa = PBXBuildFile; fileRef = 97455FA6FDC73795186E7341 /* ModuleHost.swift */; };
		502589B2177ED0C6FCE349CA /* Markdown.md in Resources */ = {isa = PBXBuildFile; fileRef = 5DCBAB18206B48A164123D21 /* Markdown.md */; };
		542E572929FDB232A7AA413F /* PermissionService.swift in Sources */ = {isa = PBXBuildFile; fileRef = FA5E301AF55F9B6EE11F99F2 /* PermissionService.swift */; };
		57BEFDF0DD4772CDA4A816E5 /* libFewerCore.a in Frameworks */ = {isa = PBXBuildFile; fileRef = 3854C15E4503AB3F4DAA3E14 /* libFewerCore.a */; };
		5A8D5A1C243D786C624327AE /* CSV.csv in Resources */ = {isa = PBXBuildFile; fileRef = 47314DC883D7AF703A400FFA /* CSV.csv */; };
		5E01C1923E629ECF161122FA /* MarkupModels.swift in Sources */ = {isa = PBXBuildFile; fileRef = 2661963B517F8A726EB97406 /* MarkupModels.swift */; };
		608B865F831C295B1CF3AEE0 /* MenuBuilder.swift in Sources */ = {isa = PBXBuildFile; fileRef = 91C62DCDB91E7F90DF163CA4 /* MenuBuilder.swift */; };
		6215339CB01FDD27B2E4960C /* CaptureOverlayView.swift in Sources */ = {isa = PBXBuildFile; fileRef = 62124E9486EA700543D019E5 /* CaptureOverlayView.swift */; };
		624CCF8922C6D20E2752C758 /* CoreWLAN.framework in Frameworks */ = {isa = PBXBuildFile; fileRef = 4E6276D0DA23D6D927F49DC9 /* CoreWLAN.framework */; };
		627DE8E1AB98B4733946A8E1 /* SettingsSection.swift in Sources */ = {isa = PBXBuildFile; fileRef = 71A478AA0E53057EBBD40FEB /* SettingsSection.swift */; };
		62B45A0FF388D4E5D4994CDF /* ScreenshotCoreTests.swift in Sources */ = {isa = PBXBuildFile; fileRef = A14B43195229644DFE005DCB /* ScreenshotCoreTests.swift */; };
		62FCD3477530AFED4C4D79BB /* InputEnhancementViewModel.swift in Sources */ = {isa = PBXBuildFile; fileRef = 37C08C924F1D71948D136989 /* InputEnhancementViewModel.swift */; };
		63B1D982E15CEC2F3A0144EF /* CoreLocation.framework in Frameworks */ = {isa = PBXBuildFile; fileRef = B490C440F5353AE794E4F567 /* CoreLocation.framework */; };
		63D406BC5D4AAF210BFF9D9F /* Assets.xcassets in Resources */ = {isa = PBXBuildFile; fileRef = D748A2A7AA7B727ED681025A /* Assets.xcassets */; };
		64580F7771F1CE0F527ADB42 /* InputActionExecutor.swift in Sources */ = {isa = PBXBuildFile; fileRef = F91F1C5A0DD960438621471A /* InputActionExecutor.swift */; };
		6508D1C3C33BA2BF757B1E94 /* CalendarLanguage.swift in Sources */ = {isa = PBXBuildFile; fileRef = 53C9A948D4E86CEEEB16017B /* CalendarLanguage.swift */; };
		6536B8877F98B388F48C1AF0 /* MenuModels.swift in Sources */ = {isa = PBXBuildFile; fileRef = DC9D9E5D45B52039A847259B /* MenuModels.swift */; };
		65C9CE1FFA425348658927F5 /* ScreenshotCore.swift in Sources */ = {isa = PBXBuildFile; fileRef = 1EB7C76B98FE31FB9257E5BF /* ScreenshotCore.swift */; };
		671B1A9860428EC1A9410D2E /* MenuBarCalendarView.swift in Sources */ = {isa = PBXBuildFile; fileRef = AD1807550C64BF6502E2F7E7 /* MenuBarCalendarView.swift */; };
		6B88FFE67A4095218C9519E1 /* FinderShortcutRouter.swift in Sources */ = {isa = PBXBuildFile; fileRef = 034A2AEFFDCF559A28935C8B /* FinderShortcutRouter.swift */; };
		6DAC2F5E0D4CD263A3621E12 /* ScreenshotSettings.swift in Sources */ = {isa = PBXBuildFile; fileRef = 3D38763A98D1C3BC0C3F5353 /* ScreenshotSettings.swift */; };
		6E76710B15C13A22D1341E2A /* ScreenshotCapture.swift in Sources */ = {isa = PBXBuildFile; fileRef = 584F7081E927D9723D36C66C /* ScreenshotCapture.swift */; };
		6EFFD3DF498DCDD02222E304 /* RollingCaptureFlow.swift in Sources */ = {isa = PBXBuildFile; fileRef = CD0874D66FEE9A0F558EC147 /* RollingCaptureFlow.swift */; };
		6F0024D1552867B58C92CEC8 /* FileOperationCoordinatorTests.swift in Sources */ = {isa = PBXBuildFile; fileRef = 222B85A537EDCCB6ACA874E4 /* FileOperationCoordinatorTests.swift */; };
		6F0FCFBB2AE077A333E6B2CF /* OverviewView.swift in Sources */ = {isa = PBXBuildFile; fileRef = D664B4F5CC892E173398ED51 /* OverviewView.swift */; };
		703F7BE908A5EDBBA5CD11A0 /* SystemCalendarService.swift in Sources */ = {isa = PBXBuildFile; fileRef = BFE6149A04358B6C689E3D64 /* SystemCalendarService.swift */; };
		70867DFE76C3681593F4707A /* PasteboardCutBridge.swift in Sources */ = {isa = PBXBuildFile; fileRef = 726CC1F5787677155743F432 /* PasteboardCutBridge.swift */; };
		74A848DADACB455C338EC9BA /* FinderActionHandler.swift in Sources */ = {isa = PBXBuildFile; fileRef = D7D83F8016118A27A45DD9D0 /* FinderActionHandler.swift */; };
		77484FACBEF12DF0EAC0649A /* Assets.xcassets in Resources */ = {isa = PBXBuildFile; fileRef = D748A2A7AA7B727ED681025A /* Assets.xcassets */; };
		79A9AE0E06FBD94FBBF1EB32 /* ConflictNameResolverTests.swift in Sources */ = {isa = PBXBuildFile; fileRef = 751E7709532065ED071D6A32 /* ConflictNameResolverTests.swift */; };
		841011E027F2B8455D9627BF /* ModuleSettingsView.swift in Sources */ = {isa = PBXBuildFile; fileRef = CFEE5C3899774ECADEF93BBD /* ModuleSettingsView.swift */; };
		86576D312BC53DF7029911A3 /* RollingCaptureFlowTests.swift in Sources */ = {isa = PBXBuildFile; fileRef = 7DF888A3AA96672242F1ED0C /* RollingCaptureFlowTests.swift */; };
		86D59A17D888D466EC1DA5BE /* FinderShortcutRouterTests.swift in Sources */ = {isa = PBXBuildFile; fileRef = 3A2C7FEE3C2050BAF4E64DAF /* FinderShortcutRouterTests.swift */; };
		892F1EE668C12A76B189AE70 /* InputEnhancementStoreTests.swift in Sources */ = {isa = PBXBuildFile; fileRef = C6AF197593715C455F9C20EC /* InputEnhancementStoreTests.swift */; };
		898FCCB9A10847CD1F9E09AE /* KeycastPanelController.swift in Sources */ = {isa = PBXBuildFile; fileRef = B0477C6094215DC045F54CFB /* KeycastPanelController.swift */; };
		8CE0DB0FD316A833A26935B4 /* FewerVersionTests.swift in Sources */ = {isa = PBXBuildFile; fileRef = 57DF1E903FFD79FEA38D3F4D /* FewerVersionTests.swift */; };
		8FF07D97267E2F651A53637E /* TemplateDescriptor.swift in Sources */ = {isa = PBXBuildFile; fileRef = FEBCA91B54000C6B9323909E /* TemplateDescriptor.swift */; };
		8FF0CB5C7350747658D8ACAD /* libFewerCore.a in Frameworks */ = {isa = PBXBuildFile; fileRef = 3854C15E4503AB3F4DAA3E14 /* libFewerCore.a */; };
		9019E20C1C45E5A4B9D69267 /* InputEnhancementSettingsView.swift in Sources */ = {isa = PBXBuildFile; fileRef = 3262BCD2A97C69B5B26F2BED /* InputEnhancementSettingsView.swift */; };
		949DE44A5713092ABF37D5E2 /* ShortcutModels.swift in Sources */ = {isa = PBXBuildFile; fileRef = D62C76B6813F26DAACAF664E /* ShortcutModels.swift */; };
		96D59D73ECCD4A9A40119BEB /* MarkupShapeTests.swift in Sources */ = {isa = PBXBuildFile; fileRef = 4EB47938DDA58799FBCE1E72 /* MarkupShapeTests.swift */; };
		97C7A11BDCCFEC70E0F6FBCD /* InputEnhancementSettings.swift.tmp in Resources */ = {isa = PBXBuildFile; fileRef = 156C4A22A898D02440D0FABA /* InputEnhancementSettings.swift.tmp */; };
		97F8EA3907AB5835EDB71A6D /* ShortcutSettingsView.swift in Sources */ = {isa = PBXBuildFile; fileRef = 4B4811BEC760F14C4DF93D57 /* ShortcutSettingsView.swift */; };
		9CB978BA4E8129813A55AE22 /* ModulePreferencesStore.swift in Sources */ = {isa = PBXBuildFile; fileRef = 3221C394BFDDE460A10E1CED /* ModulePreferencesStore.swift */; };
		9E37B0BD3764CB6462BF6C0F /* .gitkeep in Resources */ = {isa = PBXBuildFile; fileRef = EA2D10252461A2630E1E7272 /* .gitkeep */; };
		9E658EF1F327048DCE515838 /* MarkupEditorWindowController.swift in Sources */ = {isa = PBXBuildFile; fileRef = B2AC9B9C02E48E8627288D96 /* MarkupEditorWindowController.swift */; };
		A484496FFE810A8097BF50FC /* PlainText.txt in Resources */ = {isa = PBXBuildFile; fileRef = 4BAA6F16E7BCDB7EAE702FE1 /* PlainText.txt */; };
		A716777F20D5CBB58F3835B5 /* FeatureSettings.swift in Sources */ = {isa = PBXBuildFile; fileRef = A3DDE5E3ADB8E59CDC65169A /* FeatureSettings.swift */; };
		A7CB0C190185C07EF533E540 /* SystemMetricsService.swift in Sources */ = {isa = PBXBuildFile; fileRef = 454640B87CA27F65EBED2608 /* SystemMetricsService.swift */; };
		A9DA2B7B5E28F5EE8030F507 /* ScreenshotResultWindowController.swift in Sources */ = {isa = PBXBuildFile; fileRef = EDBF99BA5722F649774263FC /* ScreenshotResultWindowController.swift */; };
		AA3E504088946D6828586421 /* TerminalApp.swift in Sources */ = {isa = PBXBuildFile; fileRef = 64DA6A41B3CE028111110CFF /* TerminalApp.swift */; };
		AF3E095DCF2309015DC5340F /* FinderMenuContext.swift in Sources */ = {isa = PBXBuildFile; fileRef = CF3F67DB14875969F7570D7E /* FinderMenuContext.swift */; };
		B0624FEC28DC32EDB0AF762B /* ReminderRecurrence.swift in Sources */ = {isa = PBXBuildFile; fileRef = 5E2B3ACB55D29C834C963456 /* ReminderRecurrence.swift */; };
		B0E1FF8A3FB0A493DEC44375 /* .gitkeep in Resources */ = {isa = PBXBuildFile; fileRef = EA2D10252461A2630E1E7272 /* .gitkeep */; };
		B16DEB9C7853DAF9BF504175 /* MenuBarPopoverChrome.swift in Sources */ = {isa = PBXBuildFile; fileRef = 6BF4315B1A186CC0B94F6DF1 /* MenuBarPopoverChrome.swift */; };
		B50C3C2339D97F70D64308D3 /* FewerApp.swift in Sources */ = {isa = PBXBuildFile; fileRef = 47F40E178A5381E4C89D4E2A /* FewerApp.swift */; };
		B539B2512349EA081679F4C6 /* FinderMenuAdapter.swift in Sources */ = {isa = PBXBuildFile; fileRef = 73D12004B26EBB220F3925A0 /* FinderMenuAdapter.swift */; };
		BB38364851A79AE33538A401 /* AppGroupConstants.swift in Sources */ = {isa = PBXBuildFile; fileRef = 60F16C21A119618BD4EED9C6 /* AppGroupConstants.swift */; };
		BE4A3EDA08B513201EBE1C81 /* TemplateStoreTests.swift in Sources */ = {isa = PBXBuildFile; fileRef = 75CB2C7EF7DD29381B6E49AB /* TemplateStoreTests.swift */; };
		BEFD4DB9434010F84E3715CE /* ModuleCommandXPCServer.swift in Sources */ = {isa = PBXBuildFile; fileRef = F926F2072F7E9017BCF59734 /* ModuleCommandXPCServer.swift */; };
		BF58CBC1EBAA43F12A794783 /* ReminderRecurrenceTests.swift in Sources */ = {isa = PBXBuildFile; fileRef = E1F191DC65B8D98D2F8F5AF1 /* ReminderRecurrenceTests.swift */; };
		C007E0E7EA4E336F9ADE7120 /* CutTransactionStore.swift in Sources */ = {isa = PBXBuildFile; fileRef = D0DD90EC9FDC4B40D3FCEE9E /* CutTransactionStore.swift */; };
		C00A7E01DF9284EF5D4B9AAF /* FinderSync.swift in Sources */ = {isa = PBXBuildFile; fileRef = 2FD09E799CC7609BCE2DB189 /* FinderSync.swift */; };
		C0543AFA9613BD018480AA64 /* PowerPointPresentation.pptx in Resources */ = {isa = PBXBuildFile; fileRef = F660A6AF69A4B53BD4DE2C74 /* PowerPointPresentation.pptx */; };
		C07F46B1B1889B683C982C5A /* WordDocument.docx in Resources */ = {isa = PBXBuildFile; fileRef = 8C4772AAF25AABDB8D5903D3 /* WordDocument.docx */; };
		C2413F0E5F8A9D24CE4F8801 /* SmoothScrollEngine.swift in Sources */ = {isa = PBXBuildFile; fileRef = 94A67EAD32710CC4D9E22BF0 /* SmoothScrollEngine.swift */; };
		C2CAD7750E3195F02851D062 /* TemplateStore.swift in Sources */ = {isa = PBXBuildFile; fileRef = E3998FE40A4A92799B1318DA /* TemplateStore.swift */; };
		CCA75B996F080F0A4E6798B8 /* GeneralSettingsView.swift in Sources */ = {isa = PBXBuildFile; fileRef = 5555E76441DC981E08EB8844 /* GeneralSettingsView.swift */; };
		CED849B3951D17337BB31B52 /* CalendarEventItemTests.swift in Sources */ = {isa = PBXBuildFile; fileRef = 1997D67E5E6F93AF2A35ABBB /* CalendarEventItemTests.swift */; };
		D0986492EABA3959ADB2CC27 /* ConflictNameResolver.swift in Sources */ = {isa = PBXBuildFile; fileRef = ADDDAB82FC4FD5AA342676BD /* ConflictNameResolver.swift */; };
		D0D6B53C5A8909275877254A /* ModuleModelsTests.swift in Sources */ = {isa = PBXBuildFile; fileRef = E0738D89E0050CEC3B200CD3 /* ModuleModelsTests.swift */; };
		D11F04F640D19B32AF433655 /* CutTransactionStoreTests.swift in Sources */ = {isa = PBXBuildFile; fileRef = CE26BBF7A5FC7385D5E1537F /* CutTransactionStoreTests.swift */; };
		D3C75378A1CB2C4F5A8D61DC /* MenuBuilderTests.swift in Sources */ = {isa = PBXBuildFile; fileRef = D82FC1E5CEE5597FE0CBFDD1 /* MenuBuilderTests.swift */; };
		D4EFFA5349F39EFEC0ED7D1C /* FileOperationResult.swift in Sources */ = {isa = PBXBuildFile; fileRef = BC6B0C5A1CF3E12AB3D1FAF8 /* FileOperationResult.swift */; };
		D508FAD0FB6F4D33FE066641 /* WordDocument.docx in Resources */ = {isa = PBXBuildFile; fileRef = 8C4772AAF25AABDB8D5903D3 /* WordDocument.docx */; };
		D8C14FC7DFD092CF8D25ED46 /* FewerUITests.swift in Sources */ = {isa = PBXBuildFile; fileRef = C864487E86BD16E7CA22FC1C /* FewerUITests.swift */; };
		DA45D104B06FAD6F284DC5FA /* RollingScrollDirection.swift in Sources */ = {isa = PBXBuildFile; fileRef = 8DD0012FACBC818AFB0D024B /* RollingScrollDirection.swift */; };
		DC8BBB92C6B5EFCA078872FA /* ExcelWorkbook.xlsx in Resources */ = {isa = PBXBuildFile; fileRef = 114EBEE2BCF0E3F316D9736F /* ExcelWorkbook.xlsx */; };
		DED2DA438FFDFD6DE9614D7D /* IOKit.framework in Frameworks */ = {isa = PBXBuildFile; fileRef = EE591EFA55DE0E9FABBE4237 /* IOKit.framework */; };
		E2DF1BFF1428BFD9A1CCFA74 /* ScreenshotService.swift in Sources */ = {isa = PBXBuildFile; fileRef = 294AC02ACCFDE5220DE9343E /* ScreenshotService.swift */; };
		E3813A805411581D52D59FF8 /* ScreenshotSettingsView.swift in Sources */ = {isa = PBXBuildFile; fileRef = D5102A12B26C94C57EE52096 /* ScreenshotSettingsView.swift */; };
		E45BFC63BCC7EA231125125E /* ModuleCommandIPC.swift in Sources */ = {isa = PBXBuildFile; fileRef = 212C1F7E80B79029B3D32699 /* ModuleCommandIPC.swift */; };
		E615DFA7425C5B99106E919F /* RollingCaptureController.swift in Sources */ = {isa = PBXBuildFile; fileRef = 693879D302F88C8D874B4506 /* RollingCaptureController.swift */; };
		E66B2EF2A05A09B504495B6A /* CalendarEventItem.swift in Sources */ = {isa = PBXBuildFile; fileRef = EDED14DA3E17EF658D46C49C /* CalendarEventItem.swift */; };
		E67B4389B778FA74A3D68A27 /* ShortcutHelperStatusStoreTests.swift in Sources */ = {isa = PBXBuildFile; fileRef = 3985AE20B1B2CD840FB31025 /* ShortcutHelperStatusStoreTests.swift */; };
		E91F78B00A40266EF205B84F /* PinItem.swift in Sources */ = {isa = PBXBuildFile; fileRef = B9BCAB8874C03C7E03DA17F6 /* PinItem.swift */; };
		EA48CDB82BB25FD9F2246DD7 /* InputEnhancementStore.swift in Sources */ = {isa = PBXBuildFile; fileRef = B261E24E1E6A05DC57986A98 /* InputEnhancementStore.swift */; };
		EAB8BC6D5DDAB41ECEBFB976 /* ContextMenuSettingsView.swift in Sources */ = {isa = PBXBuildFile; fileRef = A72C6C0607F552A371AB6D27 /* ContextMenuSettingsView.swift */; };
		EDCF248BA290E912AB9E3272 /* SharedSettingsStoreTests.swift in Sources */ = {isa = PBXBuildFile; fileRef = 8EC575139904B0CFCF160C8F /* SharedSettingsStoreTests.swift */; };
		EE44B73DB9EEDFFC29862E20 /* PathFormatterTests.swift in Sources */ = {isa = PBXBuildFile; fileRef = FFF1411645E54268D5850CE1 /* PathFormatterTests.swift */; };
		EE4E989506357893DB684AD3 /* FewerFinderExtension.appex in Embed Foundation Extensions */ = {isa = PBXBuildFile; fileRef = E5EE696B38C35981E774928F /* FewerFinderExtension.appex */; settings = {ATTRIBUTES = (RemoveHeadersOnCopy, ); }; };
		EFBEC7C035C6C02DDB8A5826 /* ShortcutHelperStatus.swift in Sources */ = {isa = PBXBuildFile; fileRef = 69831F1DF4FC88827B4AEE87 /* ShortcutHelperStatus.swift */; };
		F05E9AD9CC16CF42D2661C56 /* libIOReport.tbd in Frameworks */ = {isa = PBXBuildFile; fileRef = 61C628141F0BF3D5E92BF206 /* libIOReport.tbd */; };
		F475E5E48D568B1326A6C020 /* TemplateFileCreator.swift in Sources */ = {isa = PBXBuildFile; fileRef = 32A47411330D7B10DE342D95 /* TemplateFileCreator.swift */; };
		F736DEBCD6A403EA73ACFCD0 /* InputEnhancementSettings.swift in Sources */ = {isa = PBXBuildFile; fileRef = 83050A5E7BAB4B2680FAF634 /* InputEnhancementSettings.swift */; };
		F7F75A54BBD375202A1948AE /* EventTapController.swift in Sources */ = {isa = PBXBuildFile; fileRef = A84FF39755B17BFEC9FB885B /* EventTapController.swift */; };
		F859001DB2E8E82AADDD25B2 /* TemplateManifest.swift in Sources */ = {isa = PBXBuildFile; fileRef = 004F4C2A39A8BF5043549D0A /* TemplateManifest.swift */; };
		FC16A435530A9D857E91231B /* InputProcessing.swift in Sources */ = {isa = PBXBuildFile; fileRef = 0CEC06F4656B160F926EDE72 /* InputProcessing.swift */; };
		FCDC27F213C7CB0578F8F28D /* Markdown.md in Resources */ = {isa = PBXBuildFile; fileRef = 5DCBAB18206B48A164123D21 /* Markdown.md */; };
		FE8343236B1839FCC8D7700A /* NetworkWiFiDetailsService.swift in Sources */ = {isa = PBXBuildFile; fileRef = 0A14E155815D45F5D114C6A7 /* NetworkWiFiDetailsService.swift */; };
		FF87E7F274C71B6B9832D7D9 /* SettingsViewModel.swift in Sources */ = {isa = PBXBuildFile; fileRef = CBF6ABD6CF2C6836E7F083EF /* SettingsViewModel.swift */; };
/* End PBXBuildFile section */

/* Begin PBXContainerItemProxy section */
		01ABEFACDE3F85DFFE5B910D /* PBXContainerItemProxy */ = {
			isa = PBXContainerItemProxy;
			containerPortal = E86381287456766201C270D6 /* Project object */;
			proxyType = 1;
			remoteGlobalIDString = E778179DCBD554885B35E655;
			remoteInfo = FewerShortcutHelper;
		};
		1BEB42E9AB8EAD8B999EECA7 /* PBXContainerItemProxy */ = {
			isa = PBXContainerItemProxy;
			containerPortal = E86381287456766201C270D6 /* Project object */;
			proxyType = 1;
			remoteGlobalIDString = B12B03D86A020A1364832F1E;
			remoteInfo = FewerFinderExtension;
		};
		3A20CC75D8615012EF0A1833 /* PBXContainerItemProxy */ = {
			isa = PBXContainerItemProxy;
			containerPortal = E86381287456766201C270D6 /* Project object */;
			proxyType = 1;
			remoteGlobalIDString = DAEB9ABFDF0EA0D63B7175D3;
			remoteInfo = FewerCore;
		};
		8C3719FE923E19AB037249D9 /* PBXContainerItemProxy */ = {
			isa = PBXContainerItemProxy;
			containerPortal = E86381287456766201C270D6 /* Project object */;
			proxyType = 1;
			remoteGlobalIDString = DAEB9ABFDF0EA0D63B7175D3;
			remoteInfo = FewerCore;
		};
		9C73BA00263C2E9FA645349E /* PBXContainerItemProxy */ = {
			isa = PBXContainerItemProxy;
			containerPortal = E86381287456766201C270D6 /* Project object */;
			proxyType = 1;
			remoteGlobalIDString = DAEB9ABFDF0EA0D63B7175D3;
			remoteInfo = FewerCore;
		};
		BC51574C86DC61F9AC25EAB3 /* PBXContainerItemProxy */ = {
			isa = PBXContainerItemProxy;
			containerPortal = E86381287456766201C270D6 /* Project object */;
			proxyType = 1;
			remoteGlobalIDString = D93ADB9C2C5DAAD87B6093FB;
			remoteInfo = Fewer;
		};
		C7A6C58F34753EB6287E3885 /* PBXContainerItemProxy */ = {
			isa = PBXContainerItemProxy;
			containerPortal = E86381287456766201C270D6 /* Project object */;
			proxyType = 1;
			remoteGlobalIDString = DAEB9ABFDF0EA0D63B7175D3;
			remoteInfo = FewerCore;
		};
/* End PBXContainerItemProxy section */

/* Begin PBXCopyFilesBuildPhase section */
		EEF38AE5BEB701E4FB554490 /* Embed Foundation Extensions */ = {
			isa = PBXCopyFilesBuildPhase;
			buildActionMask = 2147483647;
			dstPath = "";
			dstSubfolderSpec = 13;
			files = (
				EE4E989506357893DB684AD3 /* FewerFinderExtension.appex in Embed Foundation Extensions */,
			);
			name = "Embed Foundation Extensions";
			runOnlyForDeploymentPostprocessing = 0;
		};
/* End PBXCopyFilesBuildPhase section */

/* Begin PBXFileReference section */
		004F4C2A39A8BF5043549D0A /* TemplateManifest.swift */ = {isa = PBXFileReference; lastKnownFileType = sourcecode.swift; path = TemplateManifest.swift; sourceTree = "<group>"; };
		0142F0BB91E18752AA48161B /* ExtensionStatusService.swift */ = {isa = PBXFileReference; lastKnownFileType = sourcecode.swift; path = ExtensionStatusService.swift; sourceTree = "<group>"; };
		0160A276150CA87B4FBA5264 /* CalendarMonthPickerView.swift */ = {isa = PBXFileReference; lastKnownFileType = sourcecode.swift; path = CalendarMonthPickerView.swift; sourceTree = "<group>"; };
		034A2AEFFDCF559A28935C8B /* FinderShortcutRouter.swift */ = {isa = PBXFileReference; lastKnownFileType = sourcecode.swift; path = FinderShortcutRouter.swift; sourceTree = "<group>"; };
		094A98D34253A6AFEC7D292B /* Fewer.entitlements */ = {isa = PBXFileReference; lastKnownFileType = text.plist.entitlements; path = Fewer.entitlements; sourceTree = "<group>"; };
		0A14E155815D45F5D114C6A7 /* NetworkWiFiDetailsService.swift */ = {isa = PBXFileReference; lastKnownFileType = sourcecode.swift; path = NetworkWiFiDetailsService.swift; sourceTree = "<group>"; };
		0CEC06F4656B160F926EDE72 /* InputProcessing.swift */ = {isa = PBXFileReference; lastKnownFileType = sourcecode.swift; path = InputProcessing.swift; sourceTree = "<group>"; };
		0D839DF5D77BBEC2926E6F2D /* ZoomableCanvasScrollView.swift */ = {isa = PBXFileReference; lastKnownFileType = sourcecode.swift; path = ZoomableCanvasScrollView.swift; sourceTree = "<group>"; };
		114EBEE2BCF0E3F316D9736F /* ExcelWorkbook.xlsx */ = {isa = PBXFileReference; path = ExcelWorkbook.xlsx; sourceTree = "<group>"; };
		156C4A22A898D02440D0FABA /* InputEnhancementSettings.swift.tmp */ = {isa = PBXFileReference; path = InputEnhancementSettings.swift.tmp; sourceTree = "<group>"; };
		1997D67E5E6F93AF2A35ABBB /* CalendarEventItemTests.swift */ = {isa = PBXFileReference; lastKnownFileType = sourcecode.swift; path = CalendarEventItemTests.swift; sourceTree = "<group>"; };
		1DE1364A00CF4A76960D5B23 /* FewerFinderExtension.entitlements */ = {isa = PBXFileReference; lastKnownFileType = text.plist.entitlements; path = FewerFinderExtension.entitlements; sourceTree = "<group>"; };
		1EB7C76B98FE31FB9257E5BF /* ScreenshotCore.swift */ = {isa = PBXFileReference; lastKnownFileType = sourcecode.swift; path = ScreenshotCore.swift; sourceTree = "<group>"; };
		212C1F7E80B79029B3D32699 /* ModuleCommandIPC.swift */ = {isa = PBXFileReference; lastKnownFileType = sourcecode.swift; path = ModuleCommandIPC.swift; sourceTree = "<group>"; };
		222B85A537EDCCB6ACA874E4 /* FileOperationCoordinatorTests.swift */ = {isa = PBXFileReference; lastKnownFileType = sourcecode.swift; path = FileOperationCoordinatorTests.swift; sourceTree = "<group>"; };
		236C36BC6C265C040437BF9B /* ScreenshotModelsTests.swift */ = {isa = PBXFileReference; lastKnownFileType = sourcecode.swift; path = ScreenshotModelsTests.swift; sourceTree = "<group>"; };
		25B5CC1F8A0E499768B1D2E7 /* Info.plist */ = {isa = PBXFileReference; lastKnownFileType = text.plist; path = Info.plist; sourceTree = "<group>"; };
		2627C6E9227CE2954509FB90 /* RootSettingsView.swift */ = {isa = PBXFileReference; lastKnownFileType = sourcecode.swift; path = RootSettingsView.swift; sourceTree = "<group>"; };
		2661963B517F8A726EB97406 /* MarkupModels.swift */ = {isa = PBXFileReference; lastKnownFileType = sourcecode.swift; path = MarkupModels.swift; sourceTree = "<group>"; };
		294AC02ACCFDE5220DE9343E /* ScreenshotService.swift */ = {isa = PBXFileReference; lastKnownFileType = sourcecode.swift; path = ScreenshotService.swift; sourceTree = "<group>"; };
		2A372040DDE18ABFFDE84E21 /* FewerUITests.xctest */ = {isa = PBXFileReference; explicitFileType = wrapper.cfbundle; includeInIndex = 0; path = FewerUITests.xctest; sourceTree = BUILT_PRODUCTS_DIR; };
		2C4376AD2525EACD08426FD3 /* Base.xcconfig */ = {isa = PBXFileReference; lastKnownFileType = text.xcconfig; path = Base.xcconfig; sourceTree = "<group>"; };
		2DB5CEEFF898CECC7187F318 /* GestureHUDController.swift */ = {isa = PBXFileReference; lastKnownFileType = sourcecode.swift; path = GestureHUDController.swift; sourceTree = "<group>"; };
		2F3A7C61EF67BF66E65B9903 /* FewerCoreTests.xctest */ = {isa = PBXFileReference; explicitFileType = wrapper.cfbundle; includeInIndex = 0; path = FewerCoreTests.xctest; sourceTree = BUILT_PRODUCTS_DIR; };
		2FD09E799CC7609BCE2DB189 /* FinderSync.swift */ = {isa = PBXFileReference; lastKnownFileType = sourcecode.swift; path = FinderSync.swift; sourceTree = "<group>"; };
		3221C394BFDDE460A10E1CED /* ModulePreferencesStore.swift */ = {isa = PBXFileReference; lastKnownFileType = sourcecode.swift; path = ModulePreferencesStore.swift; sourceTree = "<group>"; };
		3262BCD2A97C69B5B26F2BED /* InputEnhancementSettingsView.swift */ = {isa = PBXFileReference; lastKnownFileType = sourcecode.swift; path = InputEnhancementSettingsView.swift; sourceTree = "<group>"; };
		32A47411330D7B10DE342D95 /* TemplateFileCreator.swift */ = {isa = PBXFileReference; lastKnownFileType = sourcecode.swift; path = TemplateFileCreator.swift; sourceTree = "<group>"; };
		36A0222668A9AE3A638244D3 /* ShortcutHelperStatusStore.swift */ = {isa = PBXFileReference; lastKnownFileType = sourcecode.swift; path = ShortcutHelperStatusStore.swift; sourceTree = "<group>"; };
		36D5EF460BB6EA9C82AF23EF /* SystemMetricsBridge.h */ = {isa = PBXFileReference; lastKnownFileType = sourcecode.c.h; path = SystemMetricsBridge.h; sourceTree = "<group>"; };
		37C08C924F1D71948D136989 /* InputEnhancementViewModel.swift */ = {isa = PBXFileReference; lastKnownFileType = sourcecode.swift; path = InputEnhancementViewModel.swift; sourceTree = "<group>"; };
		3854C15E4503AB3F4DAA3E14 /* libFewerCore.a */ = {isa = PBXFileReference; explicitFileType = archive.ar; includeInIndex = 0; path = libFewerCore.a; sourceTree = BUILT_PRODUCTS_DIR; };
		3985AE20B1B2CD840FB31025 /* ShortcutHelperStatusStoreTests.swift */ = {isa = PBXFileReference; lastKnownFileType = sourcecode.swift; path = ShortcutHelperStatusStoreTests.swift; sourceTree = "<group>"; };
		39B1888298D269F8B4733B8D /* ShortcutHelperApp.swift */ = {isa = PBXFileReference; lastKnownFileType = sourcecode.swift; path = ShortcutHelperApp.swift; sourceTree = "<group>"; };
		3A2C7FEE3C2050BAF4E64DAF /* FinderShortcutRouterTests.swift */ = {isa = PBXFileReference; lastKnownFileType = sourcecode.swift; path = FinderShortcutRouterTests.swift; sourceTree = "<group>"; };
		3D38763A98D1C3BC0C3F5353 /* ScreenshotSettings.swift */ = {isa = PBXFileReference; lastKnownFileType = sourcecode.swift; path = ScreenshotSettings.swift; sourceTree = "<group>"; };
		3F6B653BC2FD2C52673E8CA4 /* CalendarAgendaView.swift */ = {isa = PBXFileReference; lastKnownFileType = sourcecode.swift; path = CalendarAgendaView.swift; sourceTree = "<group>"; };
		430103A240A0ADBA6602CFD4 /* SharedSettingsStore.swift */ = {isa = PBXFileReference; lastKnownFileType = sourcecode.swift; path = SharedSettingsStore.swift; sourceTree = "<group>"; };
		454640B87CA27F65EBED2608 /* SystemMetricsService.swift */ = {isa = PBXFileReference; lastKnownFileType = sourcecode.swift; path = SystemMetricsService.swift; sourceTree = "<group>"; };
		47314DC883D7AF703A400FFA /* CSV.csv */ = {isa = PBXFileReference; path = CSV.csv; sourceTree = "<group>"; };
		47F40E178A5381E4C89D4E2A /* FewerApp.swift */ = {isa = PBXFileReference; lastKnownFileType = sourcecode.swift; path = FewerApp.swift; sourceTree = "<group>"; };
		4B4811BEC760F14C4DF93D57 /* ShortcutSettingsView.swift */ = {isa = PBXFileReference; lastKnownFileType = sourcecode.swift; path = ShortcutSettingsView.swift; sourceTree = "<group>"; };
		4BAA6F16E7BCDB7EAE702FE1 /* PlainText.txt */ = {isa = PBXFileReference; lastKnownFileType = text; path = PlainText.txt; sourceTree = "<group>"; };
		4E6276D0DA23D6D927F49DC9 /* CoreWLAN.framework */ = {isa = PBXFileReference; lastKnownFileType = wrapper.framework; name = CoreWLAN.framework; path = System/Library/Frameworks/CoreWLAN.framework; sourceTree = SDKROOT; };
		4EB47938DDA58799FBCE1E72 /* MarkupShapeTests.swift */ = {isa = PBXFileReference; lastKnownFileType = sourcecode.swift; path = MarkupShapeTests.swift; sourceTree = "<group>"; };
		52BDCE7A09C42B34E4EA696A /* Info.plist */ = {isa = PBXFileReference; lastKnownFileType = text.plist; path = Info.plist; sourceTree = "<group>"; };
		53A7491B371B25E37B03F074 /* StatusBarMetricsOptions.swift */ = {isa = PBXFileReference; lastKnownFileType = sourcecode.swift; path = StatusBarMetricsOptions.swift; sourceTree = "<group>"; };
		53C9A948D4E86CEEEB16017B /* CalendarLanguage.swift */ = {isa = PBXFileReference; lastKnownFileType = sourcecode.swift; path = CalendarLanguage.swift; sourceTree = "<group>"; };
		5555E76441DC981E08EB8844 /* GeneralSettingsView.swift */ = {isa = PBXFileReference; lastKnownFileType = sourcecode.swift; path = GeneralSettingsView.swift; sourceTree = "<group>"; };
		57ADD7A9253836626A46F7B4 /* Stats.txt */ = {isa = PBXFileReference; lastKnownFileType = text; path = Stats.txt; sourceTree = "<group>"; };
		57DF1E903FFD79FEA38D3F4D /* FewerVersionTests.swift */ = {isa = PBXFileReference; lastKnownFileType = sourcecode.swift; path = FewerVersionTests.swift; sourceTree = "<group>"; };
		584F7081E927D9723D36C66C /* ScreenshotCapture.swift */ = {isa = PBXFileReference; lastKnownFileType = sourcecode.swift; path = ScreenshotCapture.swift; sourceTree = "<group>"; };
		5AA4EB7E77FB676160EFC97E /* HotKeyManager.swift */ = {isa = PBXFileReference; lastKnownFileType = sourcecode.swift; path = HotKeyManager.swift; sourceTree = "<group>"; };
		5D034E874E2BDACE96E1B216 /* PinWindowController.swift */ = {isa = PBXFileReference; lastKnownFileType = sourcecode.swift; path = PinWindowController.swift; sourceTree = "<group>"; };
		5DCBAB18206B48A164123D21 /* Markdown.md */ = {isa = PBXFileReference; lastKnownFileType = net.daringfireball.markdown; path = Markdown.md; sourceTree = "<group>"; };
		5DEFAF443B5AD48FB7BFA793 /* TerminalAppTests.swift */ = {isa = PBXFileReference; lastKnownFileType = sourcecode.swift; path = TerminalAppTests.swift; sourceTree = "<group>"; };
		5E2B3ACB55D29C834C963456 /* ReminderRecurrence.swift */ = {isa = PBXFileReference; lastKnownFileType = sourcecode.swift; path = ReminderRecurrence.swift; sourceTree = "<group>"; };
		60F16C21A119618BD4EED9C6 /* AppGroupConstants.swift */ = {isa = PBXFileReference; lastKnownFileType = sourcecode.swift; path = AppGroupConstants.swift; sourceTree = "<group>"; };
		61C628141F0BF3D5E92BF206 /* libIOReport.tbd */ = {isa = PBXFileReference; lastKnownFileType = "sourcecode.text-based-dylib-definition"; name = libIOReport.tbd; path = usr/lib/libIOReport.tbd; sourceTree = SDKROOT; };
		62124E9486EA700543D019E5 /* CaptureOverlayView.swift */ = {isa = PBXFileReference; lastKnownFileType = sourcecode.swift; path = CaptureOverlayView.swift; sourceTree = "<group>"; };
		64DA6A41B3CE028111110CFF /* TerminalApp.swift */ = {isa = PBXFileReference; lastKnownFileType = sourcecode.swift; path = TerminalApp.swift; sourceTree = "<group>"; };
		670BAEAFBCAEA461D7DB6583 /* CalendarMonthTests.swift */ = {isa = PBXFileReference; lastKnownFileType = sourcecode.swift; path = CalendarMonthTests.swift; sourceTree = "<group>"; };
		67D90C6E40E0B8C0D1D9EB6A /* SystemActionsService.swift */ = {isa = PBXFileReference; lastKnownFileType = sourcecode.swift; path = SystemActionsService.swift; sourceTree = "<group>"; };
		693879D302F88C8D874B4506 /* RollingCaptureController.swift */ = {isa = PBXFileReference; lastKnownFileType = sourcecode.swift; path = RollingCaptureController.swift; sourceTree = "<group>"; };
		69831F1DF4FC88827B4AEE87 /* ShortcutHelperStatus.swift */ = {isa = PBXFileReference; lastKnownFileType = sourcecode.swift; path = ShortcutHelperStatus.swift; sourceTree = "<group>"; };
		6B14690F0109FC1301C39F29 /* CutTransaction.swift */ = {isa = PBXFileReference; lastKnownFileType = sourcecode.swift; path = CutTransaction.swift; sourceTree = "<group>"; };
		6B9902E5F19DB16D8E1E8D4A /* ModuleModels.swift */ = {isa = PBXFileReference; lastKnownFileType = sourcecode.swift; path = ModuleModels.swift; sourceTree = "<group>"; };
		6BF4315B1A186CC0B94F6DF1 /* MenuBarPopoverChrome.swift */ = {isa = PBXFileReference; lastKnownFileType = sourcecode.swift; path = MenuBarPopoverChrome.swift; sourceTree = "<group>"; };
		71A478AA0E53057EBBD40FEB /* SettingsSection.swift */ = {isa = PBXFileReference; lastKnownFileType = sourcecode.swift; path = SettingsSection.swift; sourceTree = "<group>"; };
		71C31F15DCABF7FD0A23C98A /* DashboardModuleView.swift */ = {isa = PBXFileReference; lastKnownFileType = sourcecode.swift; path = DashboardModuleView.swift; sourceTree = "<group>"; };
		726CC1F5787677155743F432 /* PasteboardCutBridge.swift */ = {isa = PBXFileReference; lastKnownFileType = sourcecode.swift; path = PasteboardCutBridge.swift; sourceTree = "<group>"; };
		73D12004B26EBB220F3925A0 /* FinderMenuAdapter.swift */ = {isa = PBXFileReference; lastKnownFileType = sourcecode.swift; path = FinderMenuAdapter.swift; sourceTree = "<group>"; };
		751E7709532065ED071D6A32 /* ConflictNameResolverTests.swift */ = {isa = PBXFileReference; lastKnownFileType = sourcecode.swift; path = ConflictNameResolverTests.swift; sourceTree = "<group>"; };
		75CB2C7EF7DD29381B6E49AB /* TemplateStoreTests.swift */ = {isa = PBXFileReference; lastKnownFileType = sourcecode.swift; path = TemplateStoreTests.swift; sourceTree = "<group>"; };
		7645E579480968FF99EA3994 /* AppPresentationMode.swift */ = {isa = PBXFileReference; lastKnownFileType = sourcecode.swift; path = AppPresentationMode.swift; sourceTree = "<group>"; };
		7DF888A3AA96672242F1ED0C /* RollingCaptureFlowTests.swift */ = {isa = PBXFileReference; lastKnownFileType = sourcecode.swift; path = RollingCaptureFlowTests.swift; sourceTree = "<group>"; };
		83050A5E7BAB4B2680FAF634 /* InputEnhancementSettings.swift */ = {isa = PBXFileReference; lastKnownFileType = sourcecode.swift; path = InputEnhancementSettings.swift; sourceTree = "<group>"; };
		8C4772AAF25AABDB8D5903D3 /* WordDocument.docx */ = {isa = PBXFileReference; path = WordDocument.docx; sourceTree = "<group>"; };
		8DD0012FACBC818AFB0D024B /* RollingScrollDirection.swift */ = {isa = PBXFileReference; lastKnownFileType = sourcecode.swift; path = RollingScrollDirection.swift; sourceTree = "<group>"; };
		8EC575139904B0CFCF160C8F /* SharedSettingsStoreTests.swift */ = {isa = PBXFileReference; lastKnownFileType = sourcecode.swift; path = SharedSettingsStoreTests.swift; sourceTree = "<group>"; };
		904E61E09A7F8B1CF52F5BC5 /* InputProcessingTests.swift */ = {isa = PBXFileReference; lastKnownFileType = sourcecode.swift; path = InputProcessingTests.swift; sourceTree = "<group>"; };
		91C62DCDB91E7F90DF163CA4 /* MenuBuilder.swift */ = {isa = PBXFileReference; lastKnownFileType = sourcecode.swift; path = MenuBuilder.swift; sourceTree = "<group>"; };
		94A67EAD32710CC4D9E22BF0 /* SmoothScrollEngine.swift */ = {isa = PBXFileReference; lastKnownFileType = sourcecode.swift; path = SmoothScrollEngine.swift; sourceTree = "<group>"; };
		97455FA6FDC73795186E7341 /* ModuleHost.swift */ = {isa = PBXFileReference; lastKnownFileType = sourcecode.swift; path = ModuleHost.swift; sourceTree = "<group>"; };
		9CB22F9A21FE0C16396C640B /* Info.plist */ = {isa = PBXFileReference; lastKnownFileType = text.plist; path = Info.plist; sourceTree = "<group>"; };
		9E7B6F86D811CE26136DAD15 /* Fewer.app */ = {isa = PBXFileReference; explicitFileType = wrapper.application; includeInIndex = 0; path = Fewer.app; sourceTree = BUILT_PRODUCTS_DIR; };
		A14B43195229644DFE005DCB /* ScreenshotCoreTests.swift */ = {isa = PBXFileReference; lastKnownFileType = sourcecode.swift; path = ScreenshotCoreTests.swift; sourceTree = "<group>"; };
		A3DDE5E3ADB8E59CDC65169A /* FeatureSettings.swift */ = {isa = PBXFileReference; lastKnownFileType = sourcecode.swift; path = FeatureSettings.swift; sourceTree = "<group>"; };
		A683A7A030197CBDFF60FC65 /* TemplateSettingsView.swift */ = {isa = PBXFileReference; lastKnownFileType = sourcecode.swift; path = TemplateSettingsView.swift; sourceTree = "<group>"; };
		A72C6C0607F552A371AB6D27 /* ContextMenuSettingsView.swift */ = {isa = PBXFileReference; lastKnownFileType = sourcecode.swift; path = ContextMenuSettingsView.swift; sourceTree = "<group>"; };
		A84FF39755B17BFEC9FB885B /* EventTapController.swift */ = {isa = PBXFileReference; lastKnownFileType = sourcecode.swift; path = EventTapController.swift; sourceTree = "<group>"; };
		ABF687E8CA41F612B935809E /* ToolboxPanelView.swift */ = {isa = PBXFileReference; lastKnownFileType = sourcecode.swift; path = ToolboxPanelView.swift; sourceTree = "<group>"; };
		AD1807550C64BF6502E2F7E7 /* MenuBarCalendarView.swift */ = {isa = PBXFileReference; lastKnownFileType = sourcecode.swift; path = MenuBarCalendarView.swift; sourceTree = "<group>"; };
		ADDDAB82FC4FD5AA342676BD /* ConflictNameResolver.swift */ = {isa = PBXFileReference; lastKnownFileType = sourcecode.swift; path = ConflictNameResolver.swift; sourceTree = "<group>"; };
		B0477C6094215DC045F54CFB /* KeycastPanelController.swift */ = {isa = PBXFileReference; lastKnownFileType = sourcecode.swift; path = KeycastPanelController.swift; sourceTree = "<group>"; };
		B261E24E1E6A05DC57986A98 /* InputEnhancementStore.swift */ = {isa = PBXFileReference; lastKnownFileType = sourcecode.swift; path = InputEnhancementStore.swift; sourceTree = "<group>"; };
		B2AC9B9C02E48E8627288D96 /* MarkupEditorWindowController.swift */ = {isa = PBXFileReference; lastKnownFileType = sourcecode.swift; path = MarkupEditorWindowController.swift; sourceTree = "<group>"; };
		B40FAD864CDBF83CEE13AEF6 /* FewerShortcutHelper.entitlements */ = {isa = PBXFileReference; lastKnownFileType = text.plist.entitlements; path = FewerShortcutHelper.entitlements; sourceTree = "<group>"; };
		B490C440F5353AE794E4F567 /* CoreLocation.framework */ = {isa = PBXFileReference; lastKnownFileType = wrapper.framework; name = CoreLocation.framework; path = System/Library/Frameworks/CoreLocation.framework; sourceTree = SDKROOT; };
		B9BCAB8874C03C7E03DA17F6 /* PinItem.swift */ = {isa = PBXFileReference; lastKnownFileType = sourcecode.swift; path = PinItem.swift; sourceTree = "<group>"; };
		BC6B0C5A1CF3E12AB3D1FAF8 /* FileOperationResult.swift */ = {isa = PBXFileReference; lastKnownFileType = sourcecode.swift; path = FileOperationResult.swift; sourceTree = "<group>"; };
		BFE6149A04358B6C689E3D64 /* SystemCalendarService.swift */ = {isa = PBXFileReference; lastKnownFileType = sourcecode.swift; path = SystemCalendarService.swift; sourceTree = "<group>"; };
		C6AF197593715C455F9C20EC /* InputEnhancementStoreTests.swift */ = {isa = PBXFileReference; lastKnownFileType = sourcecode.swift; path = InputEnhancementStoreTests.swift; sourceTree = "<group>"; };
		C864487E86BD16E7CA22FC1C /* FewerUITests.swift */ = {isa = PBXFileReference; lastKnownFileType = sourcecode.swift; path = FewerUITests.swift; sourceTree = "<group>"; };
		CBF6ABD6CF2C6836E7F083EF /* SettingsViewModel.swift */ = {isa = PBXFileReference; lastKnownFileType = sourcecode.swift; path = SettingsViewModel.swift; sourceTree = "<group>"; };
		CD0874D66FEE9A0F558EC147 /* RollingCaptureFlow.swift */ = {isa = PBXFileReference; lastKnownFileType = sourcecode.swift; path = RollingCaptureFlow.swift; sourceTree = "<group>"; };
		CE26BBF7A5FC7385D5E1537F /* CutTransactionStoreTests.swift */ = {isa = PBXFileReference; lastKnownFileType = sourcecode.swift; path = CutTransactionStoreTests.swift; sourceTree = "<group>"; };
		CF3F67DB14875969F7570D7E /* FinderMenuContext.swift */ = {isa = PBXFileReference; lastKnownFileType = sourcecode.swift; path = FinderMenuContext.swift; sourceTree = "<group>"; };
		CFEE5C3899774ECADEF93BBD /* ModuleSettingsView.swift */ = {isa = PBXFileReference; lastKnownFileType = sourcecode.swift; path = ModuleSettingsView.swift; sourceTree = "<group>"; };
		D0DD90EC9FDC4B40D3FCEE9E /* CutTransactionStore.swift */ = {isa = PBXFileReference; lastKnownFileType = sourcecode.swift; path = CutTransactionStore.swift; sourceTree = "<group>"; };
		D3044175E13BAA149D682285 /* PathFormatter.swift */ = {isa = PBXFileReference; lastKnownFileType = sourcecode.swift; path = PathFormatter.swift; sourceTree = "<group>"; };
		D5102A12B26C94C57EE52096 /* ScreenshotSettingsView.swift */ = {isa = PBXFileReference; lastKnownFileType = sourcecode.swift; path = ScreenshotSettingsView.swift; sourceTree = "<group>"; };
		D62C76B6813F26DAACAF664E /* ShortcutModels.swift */ = {isa = PBXFileReference; lastKnownFileType = sourcecode.swift; path = ShortcutModels.swift; sourceTree = "<group>"; };
		D664B4F5CC892E173398ED51 /* OverviewView.swift */ = {isa = PBXFileReference; lastKnownFileType = sourcecode.swift; path = OverviewView.swift; sourceTree = "<group>"; };
		D748A2A7AA7B727ED681025A /* Assets.xcassets */ = {isa = PBXFileReference; lastKnownFileType = folder.assetcatalog; path = Assets.xcassets; sourceTree = "<group>"; };
		D7D83F8016118A27A45DD9D0 /* FinderActionHandler.swift */ = {isa = PBXFileReference; lastKnownFileType = sourcecode.swift; path = FinderActionHandler.swift; sourceTree = "<group>"; };
		D82FC1E5CEE5597FE0CBFDD1 /* MenuBuilderTests.swift */ = {isa = PBXFileReference; lastKnownFileType = sourcecode.swift; path = MenuBuilderTests.swift; sourceTree = "<group>"; };
		DC9D9E5D45B52039A847259B /* MenuModels.swift */ = {isa = PBXFileReference; lastKnownFileType = sourcecode.swift; path = MenuModels.swift; sourceTree = "<group>"; };
		E0738D89E0050CEC3B200CD3 /* ModuleModelsTests.swift */ = {isa = PBXFileReference; lastKnownFileType = sourcecode.swift; path = ModuleModelsTests.swift; sourceTree = "<group>"; };
		E0A0155D67E2F30B665E379D /* FewerVersion.swift */ = {isa = PBXFileReference; lastKnownFileType = sourcecode.swift; path = FewerVersion.swift; sourceTree = "<group>"; };
		E1F191DC65B8D98D2F8F5AF1 /* ReminderRecurrenceTests.swift */ = {isa = PBXFileReference; lastKnownFileType = sourcecode.swift; path = ReminderRecurrenceTests.swift; sourceTree = "<group>"; };
		E2B5D5B09515F2B4D82DA2AB /* FileOperationCoordinator.swift */ = {isa = PBXFileReference; lastKnownFileType = sourcecode.swift; path = FileOperationCoordinator.swift; sourceTree = "<group>"; };
		E3998FE40A4A92799B1318DA /* TemplateStore.swift */ = {isa = PBXFileReference; lastKnownFileType = sourcecode.swift; path = TemplateStore.swift; sourceTree = "<group>"; };
		E486E0C370001BDD1F254F2D /* JSON.json */ = {isa = PBXFileReference; lastKnownFileType = text.json; path = JSON.json; sourceTree = "<group>"; };
		E5EE696B38C35981E774928F /* FewerFinderExtension.appex */ = {isa = PBXFileReference; explicitFileType = "wrapper.app-extension"; includeInIndex = 0; path = FewerFinderExtension.appex; sourceTree = BUILT_PRODUCTS_DIR; };
		EA2D10252461A2630E1E7272 /* .gitkeep */ = {isa = PBXFileReference; path = .gitkeep; sourceTree = "<group>"; };
		EDBF99BA5722F649774263FC /* ScreenshotResultWindowController.swift */ = {isa = PBXFileReference; lastKnownFileType = sourcecode.swift; path = ScreenshotResultWindowController.swift; sourceTree = "<group>"; };
		EDED14DA3E17EF658D46C49C /* CalendarEventItem.swift */ = {isa = PBXFileReference; lastKnownFileType = sourcecode.swift; path = CalendarEventItem.swift; sourceTree = "<group>"; };
		EE591EFA55DE0E9FABBE4237 /* IOKit.framework */ = {isa = PBXFileReference; lastKnownFileType = wrapper.framework; name = IOKit.framework; path = System/Library/Frameworks/IOKit.framework; sourceTree = SDKROOT; };
		EE74DD0E6128977929468F55 /* CalendarMonth.swift */ = {isa = PBXFileReference; lastKnownFileType = sourcecode.swift; path = CalendarMonth.swift; sourceTree = "<group>"; };
		F660A6AF69A4B53BD4DE2C74 /* PowerPointPresentation.pptx */ = {isa = PBXFileReference; path = PowerPointPresentation.pptx; sourceTree = "<group>"; };
		F6FBDA306F4F73BB93F4F839 /* FewerShortcutHelper.app */ = {isa = PBXFileReference; explicitFileType = wrapper.application; includeInIndex = 0; path = FewerShortcutHelper.app; sourceTree = BUILT_PRODUCTS_DIR; };
		F91F1C5A0DD960438621471A /* InputActionExecutor.swift */ = {isa = PBXFileReference; lastKnownFileType = sourcecode.swift; path = InputActionExecutor.swift; sourceTree = "<group>"; };
		F926F2072F7E9017BCF59734 /* ModuleCommandXPCServer.swift */ = {isa = PBXFileReference; lastKnownFileType = sourcecode.swift; path = ModuleCommandXPCServer.swift; sourceTree = "<group>"; };
		FA5E301AF55F9B6EE11F99F2 /* PermissionService.swift */ = {isa = PBXFileReference; lastKnownFileType = sourcecode.swift; path = PermissionService.swift; sourceTree = "<group>"; };
		FEBCA91B54000C6B9323909E /* TemplateDescriptor.swift */ = {isa = PBXFileReference; lastKnownFileType = sourcecode.swift; path = TemplateDescriptor.swift; sourceTree = "<group>"; };
		FFF1411645E54268D5850CE1 /* PathFormatterTests.swift */ = {isa = PBXFileReference; lastKnownFileType = sourcecode.swift; path = PathFormatterTests.swift; sourceTree = "<group>"; };
/* End PBXFileReference section */

/* Begin PBXFrameworksBuildPhase section */
		075A04460FB7EEA0B6CF1E6B /* Frameworks */ = {
			isa = PBXFrameworksBuildPhase;
			buildActionMask = 2147483647;
			files = (
				3A18C88DC050530E2F32C175 /* libFewerCore.a in Frameworks */,
			);
			runOnlyForDeploymentPostprocessing = 0;
		};
		640F09F928BCBAE68FBCE2FE /* Frameworks */ = {
			isa = PBXFrameworksBuildPhase;
			buildActionMask = 2147483647;
			files = (
				57BEFDF0DD4772CDA4A816E5 /* libFewerCore.a in Frameworks */,
			);
			runOnlyForDeploymentPostprocessing = 0;
		};
		7C4D1AFA15E5D9513258793C /* Frameworks */ = {
			isa = PBXFrameworksBuildPhase;
			buildActionMask = 2147483647;
			files = (
				27B3C39D1F4F730CB00BC729 /* libFewerCore.a in Frameworks */,
			);
			runOnlyForDeploymentPostprocessing = 0;
		};
		91D0A113C79B882559C3F5AF /* Frameworks */ = {
			isa = PBXFrameworksBuildPhase;
			buildActionMask = 2147483647;
			files = (
				8FF0CB5C7350747658D8ACAD /* libFewerCore.a in Frameworks */,
				63B1D982E15CEC2F3A0144EF /* CoreLocation.framework in Frameworks */,
				624CCF8922C6D20E2752C758 /* CoreWLAN.framework in Frameworks */,
				DED2DA438FFDFD6DE9614D7D /* IOKit.framework in Frameworks */,
				F05E9AD9CC16CF42D2661C56 /* libIOReport.tbd in Frameworks */,
			);
			runOnlyForDeploymentPostprocessing = 0;
		};
/* End PBXFrameworksBuildPhase section */

/* Begin PBXGroup section */
		1228208C6CC8E6BCC6F12A5C /* Frameworks */ = {
			isa = PBXGroup;
			children = (
				B490C440F5353AE794E4F567 /* CoreLocation.framework */,
				4E6276D0DA23D6D927F49DC9 /* CoreWLAN.framework */,
				EE591EFA55DE0E9FABBE4237 /* IOKit.framework */,
				61C628141F0BF3D5E92BF206 /* libIOReport.tbd */,
			);
			name = Frameworks;
			sourceTree = "<group>";
		};
		24449DDC86017A1B2384B8DF /* Views */ = {
			isa = PBXGroup;
			children = (
				3F6B653BC2FD2C52673E8CA4 /* CalendarAgendaView.swift */,
				0160A276150CA87B4FBA5264 /* CalendarMonthPickerView.swift */,
				62124E9486EA700543D019E5 /* CaptureOverlayView.swift */,
				A72C6C0607F552A371AB6D27 /* ContextMenuSettingsView.swift */,
				71C31F15DCABF7FD0A23C98A /* DashboardModuleView.swift */,
				5555E76441DC981E08EB8844 /* GeneralSettingsView.swift */,
				3262BCD2A97C69B5B26F2BED /* InputEnhancementSettingsView.swift */,
				B2AC9B9C02E48E8627288D96 /* MarkupEditorWindowController.swift */,
				AD1807550C64BF6502E2F7E7 /* MenuBarCalendarView.swift */,
				6BF4315B1A186CC0B94F6DF1 /* MenuBarPopoverChrome.swift */,
				CFEE5C3899774ECADEF93BBD /* ModuleSettingsView.swift */,
				D664B4F5CC892E173398ED51 /* OverviewView.swift */,
				5D034E874E2BDACE96E1B216 /* PinWindowController.swift */,
				2627C6E9227CE2954509FB90 /* RootSettingsView.swift */,
				EDBF99BA5722F649774263FC /* ScreenshotResultWindowController.swift */,
				D5102A12B26C94C57EE52096 /* ScreenshotSettingsView.swift */,
				4B4811BEC760F14C4DF93D57 /* ShortcutSettingsView.swift */,
				A683A7A030197CBDFF60FC65 /* TemplateSettingsView.swift */,
				ABF687E8CA41F612B935809E /* ToolboxPanelView.swift */,
				0D839DF5D77BBEC2926E6F2D /* ZoomableCanvasScrollView.swift */,
			);
			path = Views;
			sourceTree = "<group>";
		};
		3715989C73CC678B7358538E /* Menu */ = {
			isa = PBXGroup;
			children = (
				CF3F67DB14875969F7570D7E /* FinderMenuContext.swift */,
				91C62DCDB91E7F90DF163CA4 /* MenuBuilder.swift */,
				DC9D9E5D45B52039A847259B /* MenuModels.swift */,
			);
			path = Menu;
			sourceTree = "<group>";
		};
		39FAAF4AE429ADF78B4852DE /* Resources */ = {
			isa = PBXGroup;
			children = (
				799DD7A66A288DFB1A9F7EEC /* Licenses */,
				4E9AB83A37DDF7185F006791 /* Templates */,
			);
			path = Resources;
			sourceTree = "<group>";
		};
		3A3FBFBF728E0F1B68949E6E /* FewerShortcutHelper */ = {
			isa = PBXGroup;
			children = (
				A84FF39755B17BFEC9FB885B /* EventTapController.swift */,
				B40FAD864CDBF83CEE13AEF6 /* FewerShortcutHelper.entitlements */,
				2DB5CEEFF898CECC7187F318 /* GestureHUDController.swift */,
				25B5CC1F8A0E499768B1D2E7 /* Info.plist */,
				F91F1C5A0DD960438621471A /* InputActionExecutor.swift */,
				B0477C6094215DC045F54CFB /* KeycastPanelController.swift */,
				726CC1F5787677155743F432 /* PasteboardCutBridge.swift */,
				39B1888298D269F8B4733B8D /* ShortcutHelperApp.swift */,
				94A67EAD32710CC4D9E22BF0 /* SmoothScrollEngine.swift */,
			);
			path = FewerShortcutHelper;
			sourceTree = "<group>";
		};
		4B2BBDAF3DF61E5BDA35269D /* FewerUITests */ = {
			isa = PBXGroup;
			children = (
				C864487E86BD16E7CA22FC1C /* FewerUITests.swift */,
			);
			path = FewerUITests;
			sourceTree = "<group>";
		};
		4E9AB83A37DDF7185F006791 /* Templates */ = {
			isa = PBXGroup;
			children = (
				EA2D10252461A2630E1E7272 /* .gitkeep */,
				47314DC883D7AF703A400FFA /* CSV.csv */,
				114EBEE2BCF0E3F316D9736F /* ExcelWorkbook.xlsx */,
				E486E0C370001BDD1F254F2D /* JSON.json */,
				5DCBAB18206B48A164123D21 /* Markdown.md */,
				4BAA6F16E7BCDB7EAE702FE1 /* PlainText.txt */,
				F660A6AF69A4B53BD4DE2C74 /* PowerPointPresentation.pptx */,
				8C4772AAF25AABDB8D5903D3 /* WordDocument.docx */,
			);
			path = Templates;
			sourceTree = "<group>";
		};
		55B4382E3A3E33F2427F8A2C /* Services */ = {
			isa = PBXGroup;
			children = (
				D0DD90EC9FDC4B40D3FCEE9E /* CutTransactionStore.swift */,
				E2B5D5B09515F2B4D82DA2AB /* FileOperationCoordinator.swift */,
				034A2AEFFDCF559A28935C8B /* FinderShortcutRouter.swift */,
				B261E24E1E6A05DC57986A98 /* InputEnhancementStore.swift */,
				0CEC06F4656B160F926EDE72 /* InputProcessing.swift */,
				212C1F7E80B79029B3D32699 /* ModuleCommandIPC.swift */,
				3221C394BFDDE460A10E1CED /* ModulePreferencesStore.swift */,
				1EB7C76B98FE31FB9257E5BF /* ScreenshotCore.swift */,
				430103A240A0ADBA6602CFD4 /* SharedSettingsStore.swift */,
				36A0222668A9AE3A638244D3 /* ShortcutHelperStatusStore.swift */,
				32A47411330D7B10DE342D95 /* TemplateFileCreator.swift */,
				004F4C2A39A8BF5043549D0A /* TemplateManifest.swift */,
				E3998FE40A4A92799B1318DA /* TemplateStore.swift */,
			);
			path = Services;
			sourceTree = "<group>";
		};
		5F02DC70884A0C1C46BF0763 /* FewerApp */ = {
			isa = PBXGroup;
			children = (
				D748A2A7AA7B727ED681025A /* Assets.xcassets */,
				094A98D34253A6AFEC7D292B /* Fewer.entitlements */,
				9CB22F9A21FE0C16396C640B /* Info.plist */,
				91C3D3588BBBF8DAA5F73EAB /* App */,
				B1E3F9589327DB353C78C704 /* Models */,
				646E94963BBBFF737006E6DA /* Services */,
				AC154042FA219ED72ABD14EA /* Support */,
				24449DDC86017A1B2384B8DF /* Views */,
			);
			path = FewerApp;
			sourceTree = "<group>";
		};
		646E94963BBBFF737006E6DA /* Services */ = {
			isa = PBXGroup;
			children = (
				0142F0BB91E18752AA48161B /* ExtensionStatusService.swift */,
				5AA4EB7E77FB676160EFC97E /* HotKeyManager.swift */,
				F926F2072F7E9017BCF59734 /* ModuleCommandXPCServer.swift */,
				97455FA6FDC73795186E7341 /* ModuleHost.swift */,
				0A14E155815D45F5D114C6A7 /* NetworkWiFiDetailsService.swift */,
				FA5E301AF55F9B6EE11F99F2 /* PermissionService.swift */,
				693879D302F88C8D874B4506 /* RollingCaptureController.swift */,
				584F7081E927D9723D36C66C /* ScreenshotCapture.swift */,
				294AC02ACCFDE5220DE9343E /* ScreenshotService.swift */,
				67D90C6E40E0B8C0D1D9EB6A /* SystemActionsService.swift */,
				BFE6149A04358B6C689E3D64 /* SystemCalendarService.swift */,
				454640B87CA27F65EBED2608 /* SystemMetricsService.swift */,
			);
			path = Services;
			sourceTree = "<group>";
		};
		6D770B13AEBC2F0632F90FB8 = {
			isa = PBXGroup;
			children = (
				A6556303394C374F041BBB21 /* Config */,
				5F02DC70884A0C1C46BF0763 /* FewerApp */,
				A2A05BAAEFD8BE7104820B67 /* FewerCore */,
				A1748EB9C97D49E92979B878 /* FewerCoreTests */,
				B66A2074E71A89DE4AE412BF /* FewerFinderExtension */,
				3A3FBFBF728E0F1B68949E6E /* FewerShortcutHelper */,
				4B2BBDAF3DF61E5BDA35269D /* FewerUITests */,
				39FAAF4AE429ADF78B4852DE /* Resources */,
				1228208C6CC8E6BCC6F12A5C /* Frameworks */,
				CFE838BED8EA4B01E0C3386D /* Products */,
			);
			sourceTree = "<group>";
		};
		799DD7A66A288DFB1A9F7EEC /* Licenses */ = {
			isa = PBXGroup;
			children = (
				57ADD7A9253836626A46F7B4 /* Stats.txt */,
			);
			path = Licenses;
			sourceTree = "<group>";
		};
		91C3D3588BBBF8DAA5F73EAB /* App */ = {
			isa = PBXGroup;
			children = (
				47F40E178A5381E4C89D4E2A /* FewerApp.swift */,
			);
			path = App;
			sourceTree = "<group>";
		};
		A1748EB9C97D49E92979B878 /* FewerCoreTests */ = {
			isa = PBXGroup;
			children = (
				1997D67E5E6F93AF2A35ABBB /* CalendarEventItemTests.swift */,
				670BAEAFBCAEA461D7DB6583 /* CalendarMonthTests.swift */,
				751E7709532065ED071D6A32 /* ConflictNameResolverTests.swift */,
				CE26BBF7A5FC7385D5E1537F /* CutTransactionStoreTests.swift */,
				57DF1E903FFD79FEA38D3F4D /* FewerVersionTests.swift */,
				222B85A537EDCCB6ACA874E4 /* FileOperationCoordinatorTests.swift */,
				3A2C7FEE3C2050BAF4E64DAF /* FinderShortcutRouterTests.swift */,
				C6AF197593715C455F9C20EC /* InputEnhancementStoreTests.swift */,
				904E61E09A7F8B1CF52F5BC5 /* InputProcessingTests.swift */,
				4EB47938DDA58799FBCE1E72 /* MarkupShapeTests.swift */,
				D82FC1E5CEE5597FE0CBFDD1 /* MenuBuilderTests.swift */,
				E0738D89E0050CEC3B200CD3 /* ModuleModelsTests.swift */,
				FFF1411645E54268D5850CE1 /* PathFormatterTests.swift */,
				E1F191DC65B8D98D2F8F5AF1 /* ReminderRecurrenceTests.swift */,
				7DF888A3AA96672242F1ED0C /* RollingCaptureFlowTests.swift */,
				A14B43195229644DFE005DCB /* ScreenshotCoreTests.swift */,
				236C36BC6C265C040437BF9B /* ScreenshotModelsTests.swift */,
				8EC575139904B0CFCF160C8F /* SharedSettingsStoreTests.swift */,
				3985AE20B1B2CD840FB31025 /* ShortcutHelperStatusStoreTests.swift */,
				75CB2C7EF7DD29381B6E49AB /* TemplateStoreTests.swift */,
				5DEFAF443B5AD48FB7BFA793 /* TerminalAppTests.swift */,
			);
			path = FewerCoreTests;
			sourceTree = "<group>";
		};
		A2A05BAAEFD8BE7104820B67 /* FewerCore */ = {
			isa = PBXGroup;
			children = (
				3715989C73CC678B7358538E /* Menu */,
				C47F5FBA5989C1C056B077CC /* Models */,
				55B4382E3A3E33F2427F8A2C /* Services */,
				AF3439E174AA0488CE7D1D43 /* Support */,
			);
			path = FewerCore;
			sourceTree = "<group>";
		};
		A6556303394C374F041BBB21 /* Config */ = {
			isa = PBXGroup;
			children = (
				2C4376AD2525EACD08426FD3 /* Base.xcconfig */,
			);
			path = Config;
			sourceTree = "<group>";
		};
		AC154042FA219ED72ABD14EA /* Support */ = {
			isa = PBXGroup;
			children = (
				36D5EF460BB6EA9C82AF23EF /* SystemMetricsBridge.h */,
			);
			path = Support;
			sourceTree = "<group>";
		};
		AF3439E174AA0488CE7D1D43 /* Support */ = {
			isa = PBXGroup;
			children = (
				60F16C21A119618BD4EED9C6 /* AppGroupConstants.swift */,
				ADDDAB82FC4FD5AA342676BD /* ConflictNameResolver.swift */,
				E0A0155D67E2F30B665E379D /* FewerVersion.swift */,
				D3044175E13BAA149D682285 /* PathFormatter.swift */,
			);
			path = Support;
			sourceTree = "<group>";
		};
		B1E3F9589327DB353C78C704 /* Models */ = {
			isa = PBXGroup;
			children = (
				7645E579480968FF99EA3994 /* AppPresentationMode.swift */,
				53C9A948D4E86CEEEB16017B /* CalendarLanguage.swift */,
				37C08C924F1D71948D136989 /* InputEnhancementViewModel.swift */,
				71A478AA0E53057EBBD40FEB /* SettingsSection.swift */,
				CBF6ABD6CF2C6836E7F083EF /* SettingsViewModel.swift */,
			);
			path = Models;
			sourceTree = "<group>";
		};
		B66A2074E71A89DE4AE412BF /* FewerFinderExtension */ = {
			isa = PBXGroup;
			children = (
				1DE1364A00CF4A76960D5B23 /* FewerFinderExtension.entitlements */,
				D7D83F8016118A27A45DD9D0 /* FinderActionHandler.swift */,
				73D12004B26EBB220F3925A0 /* FinderMenuAdapter.swift */,
				2FD09E799CC7609BCE2DB189 /* FinderSync.swift */,
				52BDCE7A09C42B34E4EA696A /* Info.plist */,
			);
			path = FewerFinderExtension;
			sourceTree = "<group>";
		};
		C47F5FBA5989C1C056B077CC /* Models */ = {
			isa = PBXGroup;
			children = (
				EDED14DA3E17EF658D46C49C /* CalendarEventItem.swift */,
				EE74DD0E6128977929468F55 /* CalendarMonth.swift */,
				6B14690F0109FC1301C39F29 /* CutTransaction.swift */,
				A3DDE5E3ADB8E59CDC65169A /* FeatureSettings.swift */,
				BC6B0C5A1CF3E12AB3D1FAF8 /* FileOperationResult.swift */,
				83050A5E7BAB4B2680FAF634 /* InputEnhancementSettings.swift */,
				156C4A22A898D02440D0FABA /* InputEnhancementSettings.swift.tmp */,
				2661963B517F8A726EB97406 /* MarkupModels.swift */,
				6B9902E5F19DB16D8E1E8D4A /* ModuleModels.swift */,
				B9BCAB8874C03C7E03DA17F6 /* PinItem.swift */,
				5E2B3ACB55D29C834C963456 /* ReminderRecurrence.swift */,
				CD0874D66FEE9A0F558EC147 /* RollingCaptureFlow.swift */,
				8DD0012FACBC818AFB0D024B /* RollingScrollDirection.swift */,
				3D38763A98D1C3BC0C3F5353 /* ScreenshotSettings.swift */,
				69831F1DF4FC88827B4AEE87 /* ShortcutHelperStatus.swift */,
				D62C76B6813F26DAACAF664E /* ShortcutModels.swift */,
				53A7491B371B25E37B03F074 /* StatusBarMetricsOptions.swift */,
				FEBCA91B54000C6B9323909E /* TemplateDescriptor.swift */,
				64DA6A41B3CE028111110CFF /* TerminalApp.swift */,
			);
			path = Models;
			sourceTree = "<group>";
		};
		CFE838BED8EA4B01E0C3386D /* Products */ = {
			isa = PBXGroup;
			children = (
				9E7B6F86D811CE26136DAD15 /* Fewer.app */,
				2F3A7C61EF67BF66E65B9903 /* FewerCoreTests.xctest */,
				E5EE696B38C35981E774928F /* FewerFinderExtension.appex */,
				F6FBDA306F4F73BB93F4F839 /* FewerShortcutHelper.app */,
				2A372040DDE18ABFFDE84E21 /* FewerUITests.xctest */,
				3854C15E4503AB3F4DAA3E14 /* libFewerCore.a */,
			);
			name = Products;
			sourceTree = "<group>";
		};
/* End PBXGroup section */

/* Begin PBXNativeTarget section */
		B12B03D86A020A1364832F1E /* FewerFinderExtension */ = {
			isa = PBXNativeTarget;
			buildConfigurationList = 8D19CCA66EA2951555FAF83D /* Build configuration list for PBXNativeTarget "FewerFinderExtension" */;
			buildPhases = (
				F16667BCE3A3789811939454 /* Sources */,
				4849FAC04F03C704A395214C /* Resources */,
				640F09F928BCBAE68FBCE2FE /* Frameworks */,
			);
			buildRules = (
			);
			dependencies = (
				131B9EE4571F9B5F0A18329C /* PBXTargetDependency */,
			);
			name = FewerFinderExtension;
			packageProductDependencies = (
			);
			productName = FewerFinderExtension;
			productReference = E5EE696B38C35981E774928F /* FewerFinderExtension.appex */;
			productType = "com.apple.product-type.app-extension";
		};
		BFDC530239300C3E6B972D9A /* FewerUITests */ = {
			isa = PBXNativeTarget;
			buildConfigurationList = 67F91BD6D1DF52E23514A8DE /* Build configuration list for PBXNativeTarget "FewerUITests" */;
			buildPhases = (
				B239F4BDCBA930DE4480A728 /* Sources */,
			);
			buildRules = (
			);
			dependencies = (
				A591CD33EFD4159E2AF354D4 /* PBXTargetDependency */,
			);
			name = FewerUITests;
			packageProductDependencies = (
			);
			productName = FewerUITests;
			productReference = 2A372040DDE18ABFFDE84E21 /* FewerUITests.xctest */;
			productType = "com.apple.product-type.bundle.ui-testing";
		};
		D93ADB9C2C5DAAD87B6093FB /* Fewer */ = {
			isa = PBXNativeTarget;
			buildConfigurationList = F00F1860AE0F7AD5918F0219 /* Build configuration list for PBXNativeTarget "Fewer" */;
			buildPhases = (
				7E652402FD2216E1B3DD2217 /* Sources */,
				A497A90B12E3AE2244314A68 /* Resources */,
				91D0A113C79B882559C3F5AF /* Frameworks */,
				EEF38AE5BEB701E4FB554490 /* Embed Foundation Extensions */,
				D676A94FF03C2FA2AFF8FCA3 /* Embed Shortcut Helper */,
			);
			buildRules = (
			);
			dependencies = (
				605366A166EA2D90117C1C20 /* PBXTargetDependency */,
				70381FB93EBD6607AA25175C /* PBXTargetDependency */,
				B52DDFD1E61F4D41F80E4042 /* PBXTargetDependency */,
			);
			name = Fewer;
			packageProductDependencies = (
			);
			productName = Fewer;
			productReference = 9E7B6F86D811CE26136DAD15 /* Fewer.app */;
			productType = "com.apple.product-type.application";
		};
		DAEB9ABFDF0EA0D63B7175D3 /* FewerCore */ = {
			isa = PBXNativeTarget;
			buildConfigurationList = 39B2C76DA857A68C3E7E7CA7 /* Build configuration list for PBXNativeTarget "FewerCore" */;
			buildPhases = (
				09B2C1EAD05CC1F955E97132 /* Sources */,
				7859F35FE5EBE34F4645099D /* Resources */,
				AC72F70EF4039956F4987A78 /* Copy Swift Objective-C Interface Header */,
			);
			buildRules = (
			);
			dependencies = (
			);
			name = FewerCore;
			packageProductDependencies = (
			);
			productName = FewerCore;
			productReference = 3854C15E4503AB3F4DAA3E14 /* libFewerCore.a */;
			productType = "com.apple.product-type.library.static";
		};
		DF500D2B12EBFB181A37F1D6 /* FewerCoreTests */ = {
			isa = PBXNativeTarget;
			buildConfigurationList = 7450F34C1661281999FE3D58 /* Build configuration list for PBXNativeTarget "FewerCoreTests" */;
			buildPhases = (
				CC88834D83EE52C497FE2018 /* Sources */,
				7C4D1AFA15E5D9513258793C /* Frameworks */,
			);
			buildRules = (
			);
			dependencies = (
				85E6905A5B15C1AA65D0E4A1 /* PBXTargetDependency */,
			);
			name = FewerCoreTests;
			packageProductDependencies = (
			);
			productName = FewerCoreTests;
			productReference = 2F3A7C61EF67BF66E65B9903 /* FewerCoreTests.xctest */;
			productType = "com.apple.product-type.bundle.unit-test";
		};
		E778179DCBD554885B35E655 /* FewerShortcutHelper */ = {
			isa = PBXNativeTarget;
			buildConfigurationList = 3E6929CF799590CDE46571AA /* Build configuration list for PBXNativeTarget "FewerShortcutHelper" */;
			buildPhases = (
				8F1B4EBA742F060964C2E2E6 /* Sources */,
				06C23E5541D2D42240EF7B01 /* Resources */,
				075A04460FB7EEA0B6CF1E6B /* Frameworks */,
			);
			buildRules = (
			);
			dependencies = (
				2D0F6FA260137F99A6E352AA /* PBXTargetDependency */,
			);
			name = FewerShortcutHelper;
			packageProductDependencies = (
			);
			productName = FewerShortcutHelper;
			productReference = F6FBDA306F4F73BB93F4F839 /* FewerShortcutHelper.app */;
			productType = "com.apple.product-type.application";
		};
/* End PBXNativeTarget section */

/* Begin PBXProject section */
		E86381287456766201C270D6 /* Project object */ = {
			isa = PBXProject;
			attributes = {
				BuildIndependentTargetsInParallel = YES;
				LastUpgradeCheck = 1430;
				TargetAttributes = {
					B12B03D86A020A1364832F1E = {
						DevelopmentTeam = "$(FEWER_DEVELOPMENT_TEAM)";
						ProvisioningStyle = Automatic;
					};
					BFDC530239300C3E6B972D9A = {
						DevelopmentTeam = "$(FEWER_DEVELOPMENT_TEAM)";
						ProvisioningStyle = Automatic;
						TestTargetID = D93ADB9C2C5DAAD87B6093FB;
					};
					D93ADB9C2C5DAAD87B6093FB = {
						DevelopmentTeam = "$(FEWER_DEVELOPMENT_TEAM)";
						ProvisioningStyle = Automatic;
					};
					DAEB9ABFDF0EA0D63B7175D3 = {
						DevelopmentTeam = "$(FEWER_DEVELOPMENT_TEAM)";
						ProvisioningStyle = Automatic;
					};
					DF500D2B12EBFB181A37F1D6 = {
						DevelopmentTeam = "$(FEWER_DEVELOPMENT_TEAM)";
						ProvisioningStyle = Automatic;
					};
					E778179DCBD554885B35E655 = {
						DevelopmentTeam = "$(FEWER_DEVELOPMENT_TEAM)";
						ProvisioningStyle = Automatic;
					};
				};
			};
			buildConfigurationList = 9284A5967D3C121841CF67FD /* Build configuration list for PBXProject "Fewer" */;
			developmentRegion = en;
			hasScannedForEncodings = 0;
			knownRegions = (
				Base,
				en,
			);
			mainGroup = 6D770B13AEBC2F0632F90FB8;
			minimizedProjectReferenceProxies = 1;
			preferredProjectObjectVersion = 77;
			productRefGroup = CFE838BED8EA4B01E0C3386D /* Products */;
			projectDirPath = "";
			projectRoot = "";
			targets = (
				DAEB9ABFDF0EA0D63B7175D3 /* FewerCore */,
				E778179DCBD554885B35E655 /* FewerShortcutHelper */,
				B12B03D86A020A1364832F1E /* FewerFinderExtension */,
				D93ADB9C2C5DAAD87B6093FB /* Fewer */,
				DF500D2B12EBFB181A37F1D6 /* FewerCoreTests */,
				BFDC530239300C3E6B972D9A /* FewerUITests */,
			);
		};
/* End PBXProject section */

/* Begin PBXResourcesBuildPhase section */
		06C23E5541D2D42240EF7B01 /* Resources */ = {
			isa = PBXResourcesBuildPhase;
			buildActionMask = 2147483647;
			files = (
				63D406BC5D4AAF210BFF9D9F /* Assets.xcassets in Resources */,
			);
			runOnlyForDeploymentPostprocessing = 0;
		};
		4849FAC04F03C704A395214C /* Resources */ = {
			isa = PBXResourcesBuildPhase;
			buildActionMask = 2147483647;
			files = (
				B0E1FF8A3FB0A493DEC44375 /* .gitkeep in Resources */,
				5A8D5A1C243D786C624327AE /* CSV.csv in Resources */,
				0970952846ACB82A8BE651E2 /* ExcelWorkbook.xlsx in Resources */,
				31A6D6CFAF3604851BDBC8F2 /* JSON.json in Resources */,
				FCDC27F213C7CB0578F8F28D /* Markdown.md in Resources */,
				A484496FFE810A8097BF50FC /* PlainText.txt in Resources */,
				C0543AFA9613BD018480AA64 /* PowerPointPresentation.pptx in Resources */,
				C07F46B1B1889B683C982C5A /* WordDocument.docx in Resources */,
			);
			runOnlyForDeploymentPostprocessing = 0;
		};
		7859F35FE5EBE34F4645099D /* Resources */ = {
			isa = PBXResourcesBuildPhase;
			buildActionMask = 2147483647;
			files = (
				97C7A11BDCCFEC70E0F6FBCD /* InputEnhancementSettings.swift.tmp in Resources */,
			);
			runOnlyForDeploymentPostprocessing = 0;
		};
		A497A90B12E3AE2244314A68 /* Resources */ = {
			isa = PBXResourcesBuildPhase;
			buildActionMask = 2147483647;
			files = (
				9E37B0BD3764CB6462BF6C0F /* .gitkeep in Resources */,
				77484FACBEF12DF0EAC0649A /* Assets.xcassets in Resources */,
				4642A3C08C52D93D7F546110 /* CSV.csv in Resources */,
				DC8BBB92C6B5EFCA078872FA /* ExcelWorkbook.xlsx in Resources */,
				260E232621F12FBC0961ED83 /* JSON.json in Resources */,
				502589B2177ED0C6FCE349CA /* Markdown.md in Resources */,
				3B10C42D651063E616004627 /* PlainText.txt in Resources */,
				29F3DB16406BEA3BD4DD557B /* PowerPointPresentation.pptx in Resources */,
				2D133236C7D3CCAAD61DF40E /* Stats.txt in Resources */,
				D508FAD0FB6F4D33FE066641 /* WordDocument.docx in Resources */,
			);
			runOnlyForDeploymentPostprocessing = 0;
		};
/* End PBXResourcesBuildPhase section */

/* Begin PBXShellScriptBuildPhase section */
		AC72F70EF4039956F4987A78 /* Copy Swift Objective-C Interface Header */ = {
			isa = PBXShellScriptBuildPhase;
			buildActionMask = 2147483647;
			files = (
			);
			inputPaths = (
				"$(DERIVED_SOURCES_DIR)/$(SWIFT_OBJC_INTERFACE_HEADER_NAME)",
			);
			name = "Copy Swift Objective-C Interface Header";
			outputPaths = (
				"$(BUILT_PRODUCTS_DIR)/include/$(PRODUCT_MODULE_NAME)/$(SWIFT_OBJC_INTERFACE_HEADER_NAME)",
			);
			runOnlyForDeploymentPostprocessing = 0;
			shellPath = /bin/sh;
			shellScript = "ditto \"${SCRIPT_INPUT_FILE_0}\" \"${SCRIPT_OUTPUT_FILE_0}\"\n";
		};
		D676A94FF03C2FA2AFF8FCA3 /* Embed Shortcut Helper */ = {
			isa = PBXShellScriptBuildPhase;
			alwaysOutOfDate = 1;
			buildActionMask = 2147483647;
			files = (
			);
			inputFileListPaths = (
			);
			inputPaths = (
			);
			name = "Embed Shortcut Helper";
			outputFileListPaths = (
			);
			outputPaths = (
			);
			runOnlyForDeploymentPostprocessing = 0;
			shellPath = /bin/sh;
			shellScript = "set -euo pipefail\nHELPER_SOURCE=\"${BUILT_PRODUCTS_DIR}/FewerShortcutHelper.app\"\nHELPER_DIRECTORY=\"${TARGET_BUILD_DIR}/${WRAPPER_NAME}/Contents/Library/LoginItems\"\n/bin/mkdir -p \"${HELPER_DIRECTORY}\"\n/usr/bin/ditto \"${HELPER_SOURCE}\" \"${HELPER_DIRECTORY}/FewerShortcutHelper.app\"\n";
		};
/* End PBXShellScriptBuildPhase section */

/* Begin PBXSourcesBuildPhase section */
		09B2C1EAD05CC1F955E97132 /* Sources */ = {
			isa = PBXSourcesBuildPhase;
			buildActionMask = 2147483647;
			files = (
				BB38364851A79AE33538A401 /* AppGroupConstants.swift in Sources */,
				E66B2EF2A05A09B504495B6A /* CalendarEventItem.swift in Sources */,
				107D6B9D13E4E5D245F522C3 /* CalendarMonth.swift in Sources */,
				D0986492EABA3959ADB2CC27 /* ConflictNameResolver.swift in Sources */,
				30A5A572FB43C114AB54CB37 /* CutTransaction.swift in Sources */,
				C007E0E7EA4E336F9ADE7120 /* CutTransactionStore.swift in Sources */,
				A716777F20D5CBB58F3835B5 /* FeatureSettings.swift in Sources */,
				14CCCF4FDB47A825C09AB0C8 /* FewerVersion.swift in Sources */,
				378A12491F746AE53039BD0B /* FileOperationCoordinator.swift in Sources */,
				D4EFFA5349F39EFEC0ED7D1C /* FileOperationResult.swift in Sources */,
				AF3E095DCF2309015DC5340F /* FinderMenuContext.swift in Sources */,
				6B88FFE67A4095218C9519E1 /* FinderShortcutRouter.swift in Sources */,
				F736DEBCD6A403EA73ACFCD0 /* InputEnhancementSettings.swift in Sources */,
				EA48CDB82BB25FD9F2246DD7 /* InputEnhancementStore.swift in Sources */,
				FC16A435530A9D857E91231B /* InputProcessing.swift in Sources */,
				5E01C1923E629ECF161122FA /* MarkupModels.swift in Sources */,
				608B865F831C295B1CF3AEE0 /* MenuBuilder.swift in Sources */,
				6536B8877F98B388F48C1AF0 /* MenuModels.swift in Sources */,
				E45BFC63BCC7EA231125125E /* ModuleCommandIPC.swift in Sources */,
				1DFC7FF6359EA6ABDD1D51F6 /* ModuleModels.swift in Sources */,
				9CB978BA4E8129813A55AE22 /* ModulePreferencesStore.swift in Sources */,
				3CCE98766A9F41E21C8F8C45 /* PathFormatter.swift in Sources */,
				E91F78B00A40266EF205B84F /* PinItem.swift in Sources */,
				B0624FEC28DC32EDB0AF762B /* ReminderRecurrence.swift in Sources */,
				6EFFD3DF498DCDD02222E304 /* RollingCaptureFlow.swift in Sources */,
				DA45D104B06FAD6F284DC5FA /* RollingScrollDirection.swift in Sources */,
				65C9CE1FFA425348658927F5 /* ScreenshotCore.swift in Sources */,
				6DAC2F5E0D4CD263A3621E12 /* ScreenshotSettings.swift in Sources */,
				0656680B2C4131F4E8C7C468 /* SharedSettingsStore.swift in Sources */,
				EFBEC7C035C6C02DDB8A5826 /* ShortcutHelperStatus.swift in Sources */,
				391892BA64BBDA8195F930D4 /* ShortcutHelperStatusStore.swift in Sources */,
				949DE44A5713092ABF37D5E2 /* ShortcutModels.swift in Sources */,
				4A8FA2B0137CA41C7134CA33 /* StatusBarMetricsOptions.swift in Sources */,
				8FF07D97267E2F651A53637E /* TemplateDescriptor.swift in Sources */,
				F475E5E48D568B1326A6C020 /* TemplateFileCreator.swift in Sources */,
				F859001DB2E8E82AADDD25B2 /* TemplateManifest.swift in Sources */,
				C2CAD7750E3195F02851D062 /* TemplateStore.swift in Sources */,
				AA3E504088946D6828586421 /* TerminalApp.swift in Sources */,
			);
			runOnlyForDeploymentPostprocessing = 0;
		};
		7E652402FD2216E1B3DD2217 /* Sources */ = {
			isa = PBXSourcesBuildPhase;
			buildActionMask = 2147483647;
			files = (
				4D2B48D069475F59BC68BEBA /* AppPresentationMode.swift in Sources */,
				3EA0C1690D1355B6B0D54111 /* CalendarAgendaView.swift in Sources */,
				6508D1C3C33BA2BF757B1E94 /* CalendarLanguage.swift in Sources */,
				1CE6AA89F4E574715D7ACB7F /* CalendarMonthPickerView.swift in Sources */,
				6215339CB01FDD27B2E4960C /* CaptureOverlayView.swift in Sources */,
				EAB8BC6D5DDAB41ECEBFB976 /* ContextMenuSettingsView.swift in Sources */,
				0CC83A157DF8D0C249B1FA72 /* DashboardModuleView.swift in Sources */,
				189982D48E3F5B1DBA1AE7CF /* ExtensionStatusService.swift in Sources */,
				B50C3C2339D97F70D64308D3 /* FewerApp.swift in Sources */,
				CCA75B996F080F0A4E6798B8 /* GeneralSettingsView.swift in Sources */,
				199D2D71B9E3592779AFEE67 /* HotKeyManager.swift in Sources */,
				9019E20C1C45E5A4B9D69267 /* InputEnhancementSettingsView.swift in Sources */,
				62FCD3477530AFED4C4D79BB /* InputEnhancementViewModel.swift in Sources */,
				9E658EF1F327048DCE515838 /* MarkupEditorWindowController.swift in Sources */,
				671B1A9860428EC1A9410D2E /* MenuBarCalendarView.swift in Sources */,
				B16DEB9C7853DAF9BF504175 /* MenuBarPopoverChrome.swift in Sources */,
				BEFD4DB9434010F84E3715CE /* ModuleCommandXPCServer.swift in Sources */,
				4EBB18DE347FC059146C0603 /* ModuleHost.swift in Sources */,
				841011E027F2B8455D9627BF /* ModuleSettingsView.swift in Sources */,
				FE8343236B1839FCC8D7700A /* NetworkWiFiDetailsService.swift in Sources */,
				6F0FCFBB2AE077A333E6B2CF /* OverviewView.swift in Sources */,
				542E572929FDB232A7AA413F /* PermissionService.swift in Sources */,
				20A1E4E474F66E540BE68EA9 /* PinWindowController.swift in Sources */,
				E615DFA7425C5B99106E919F /* RollingCaptureController.swift in Sources */,
				26405D23D1CE516DCDBB93F0 /* RootSettingsView.swift in Sources */,
				6E76710B15C13A22D1341E2A /* ScreenshotCapture.swift in Sources */,
				A9DA2B7B5E28F5EE8030F507 /* ScreenshotResultWindowController.swift in Sources */,
				E2DF1BFF1428BFD9A1CCFA74 /* ScreenshotService.swift in Sources */,
				E3813A805411581D52D59FF8 /* ScreenshotSettingsView.swift in Sources */,
				627DE8E1AB98B4733946A8E1 /* SettingsSection.swift in Sources */,
				FF87E7F274C71B6B9832D7D9 /* SettingsViewModel.swift in Sources */,
				97F8EA3907AB5835EDB71A6D /* ShortcutSettingsView.swift in Sources */,
				3230381418AE4D0A23ED55B1 /* SystemActionsService.swift in Sources */,
				703F7BE908A5EDBBA5CD11A0 /* SystemCalendarService.swift in Sources */,
				A7CB0C190185C07EF533E540 /* SystemMetricsService.swift in Sources */,
				17090C268020FF5F08184A30 /* TemplateSettingsView.swift in Sources */,
				1F73E77350163DDF9AA17F1B /* ToolboxPanelView.swift in Sources */,
				36A3E7DB8AEDDDB5DC4446D9 /* ZoomableCanvasScrollView.swift in Sources */,
			);
			runOnlyForDeploymentPostprocessing = 0;
		};
		8F1B4EBA742F060964C2E2E6 /* Sources */ = {
			isa = PBXSourcesBuildPhase;
			buildActionMask = 2147483647;
			files = (
				F7F75A54BBD375202A1948AE /* EventTapController.swift in Sources */,
				31C2F046A3DB032D48E444C8 /* GestureHUDController.swift in Sources */,
				64580F7771F1CE0F527ADB42 /* InputActionExecutor.swift in Sources */,
				898FCCB9A10847CD1F9E09AE /* KeycastPanelController.swift in Sources */,
				70867DFE76C3681593F4707A /* PasteboardCutBridge.swift in Sources */,
				1CFCECA0EFB6B33FF7315ACB /* ShortcutHelperApp.swift in Sources */,
				C2413F0E5F8A9D24CE4F8801 /* SmoothScrollEngine.swift in Sources */,
			);
			runOnlyForDeploymentPostprocessing = 0;
		};
		B239F4BDCBA930DE4480A728 /* Sources */ = {
			isa = PBXSourcesBuildPhase;
			buildActionMask = 2147483647;
			files = (
				D8C14FC7DFD092CF8D25ED46 /* FewerUITests.swift in Sources */,
			);
			runOnlyForDeploymentPostprocessing = 0;
		};
		CC88834D83EE52C497FE2018 /* Sources */ = {
			isa = PBXSourcesBuildPhase;
			buildActionMask = 2147483647;
			files = (
				CED849B3951D17337BB31B52 /* CalendarEventItemTests.swift in Sources */,
				0F940A4DA43062C240F0BBAC /* CalendarMonthTests.swift in Sources */,
				79A9AE0E06FBD94FBBF1EB32 /* ConflictNameResolverTests.swift in Sources */,
				D11F04F640D19B32AF433655 /* CutTransactionStoreTests.swift in Sources */,
				8CE0DB0FD316A833A26935B4 /* FewerVersionTests.swift in Sources */,
				6F0024D1552867B58C92CEC8 /* FileOperationCoordinatorTests.swift in Sources */,
				86D59A17D888D466EC1DA5BE /* FinderShortcutRouterTests.swift in Sources */,
				892F1EE668C12A76B189AE70 /* InputEnhancementStoreTests.swift in Sources */,
				13A825BA2A79E26CCB29DA98 /* InputProcessingTests.swift in Sources */,
				96D59D73ECCD4A9A40119BEB /* MarkupShapeTests.swift in Sources */,
				D3C75378A1CB2C4F5A8D61DC /* MenuBuilderTests.swift in Sources */,
				D0D6B53C5A8909275877254A /* ModuleModelsTests.swift in Sources */,
				EE44B73DB9EEDFFC29862E20 /* PathFormatterTests.swift in Sources */,
				BF58CBC1EBAA43F12A794783 /* ReminderRecurrenceTests.swift in Sources */,
				86576D312BC53DF7029911A3 /* RollingCaptureFlowTests.swift in Sources */,
				62B45A0FF388D4E5D4994CDF /* ScreenshotCoreTests.swift in Sources */,
				28894378639BAAFF0489B53A /* ScreenshotModelsTests.swift in Sources */,
				EDCF248BA290E912AB9E3272 /* SharedSettingsStoreTests.swift in Sources */,
				E67B4389B778FA74A3D68A27 /* ShortcutHelperStatusStoreTests.swift in Sources */,
				BE4A3EDA08B513201EBE1C81 /* TemplateStoreTests.swift in Sources */,
				2342D58AA1DB24043B49A79A /* TerminalAppTests.swift in Sources */,
			);
			runOnlyForDeploymentPostprocessing = 0;
		};
		F16667BCE3A3789811939454 /* Sources */ = {
			isa = PBXSourcesBuildPhase;
			buildActionMask = 2147483647;
			files = (
				74A848DADACB455C338EC9BA /* FinderActionHandler.swift in Sources */,
				B539B2512349EA081679F4C6 /* FinderMenuAdapter.swift in Sources */,
				C00A7E01DF9284EF5D4B9AAF /* FinderSync.swift in Sources */,
			);
			runOnlyForDeploymentPostprocessing = 0;
		};
/* End PBXSourcesBuildPhase section */

/* Begin PBXTargetDependency section */
		131B9EE4571F9B5F0A18329C /* PBXTargetDependency */ = {
			isa = PBXTargetDependency;
			target = DAEB9ABFDF0EA0D63B7175D3 /* FewerCore */;
			targetProxy = 8C3719FE923E19AB037249D9 /* PBXContainerItemProxy */;
		};
		2D0F6FA260137F99A6E352AA /* PBXTargetDependency */ = {
			isa = PBXTargetDependency;
			target = DAEB9ABFDF0EA0D63B7175D3 /* FewerCore */;
			targetProxy = 3A20CC75D8615012EF0A1833 /* PBXContainerItemProxy */;
		};
		605366A166EA2D90117C1C20 /* PBXTargetDependency */ = {
			isa = PBXTargetDependency;
			target = DAEB9ABFDF0EA0D63B7175D3 /* FewerCore */;
			targetProxy = 9C73BA00263C2E9FA645349E /* PBXContainerItemProxy */;
		};
		70381FB93EBD6607AA25175C /* PBXTargetDependency */ = {
			isa = PBXTargetDependency;
			target = B12B03D86A020A1364832F1E /* FewerFinderExtension */;
			targetProxy = 1BEB42E9AB8EAD8B999EECA7 /* PBXContainerItemProxy */;
		};
		85E6905A5B15C1AA65D0E4A1 /* PBXTargetDependency */ = {
			isa = PBXTargetDependency;
			target = DAEB9ABFDF0EA0D63B7175D3 /* FewerCore */;
			targetProxy = C7A6C58F34753EB6287E3885 /* PBXContainerItemProxy */;
		};
		A591CD33EFD4159E2AF354D4 /* PBXTargetDependency */ = {
			isa = PBXTargetDependency;
			target = D93ADB9C2C5DAAD87B6093FB /* Fewer */;
			targetProxy = BC51574C86DC61F9AC25EAB3 /* PBXContainerItemProxy */;
		};
		B52DDFD1E61F4D41F80E4042 /* PBXTargetDependency */ = {
			isa = PBXTargetDependency;
			target = E778179DCBD554885B35E655 /* FewerShortcutHelper */;
			targetProxy = 01ABEFACDE3F85DFFE5B910D /* PBXContainerItemProxy */;
		};
/* End PBXTargetDependency section */

/* Begin XCBuildConfiguration section */
		012536514A62027C78AD892F /* Debug */ = {
			isa = XCBuildConfiguration;
			buildSettings = {
				ALWAYS_SEARCH_USER_PATHS = NO;
				CLANG_ANALYZER_NONNULL = YES;
				CLANG_ANALYZER_NUMBER_OBJECT_CONVERSION = YES_AGGRESSIVE;
				CLANG_CXX_LANGUAGE_STANDARD = "gnu++14";
				CLANG_CXX_LIBRARY = "libc++";
				CLANG_ENABLE_MODULES = YES;
				CLANG_ENABLE_OBJC_ARC = YES;
				CLANG_ENABLE_OBJC_WEAK = YES;
				CLANG_WARN_BLOCK_CAPTURE_AUTORELEASING = YES;
				CLANG_WARN_BOOL_CONVERSION = YES;
				CLANG_WARN_COMMA = YES;
				CLANG_WARN_CONSTANT_CONVERSION = YES;
				CLANG_WARN_DEPRECATED_OBJC_IMPLEMENTATIONS = YES;
				CLANG_WARN_DIRECT_OBJC_ISA_USAGE = YES_ERROR;
				CLANG_WARN_DOCUMENTATION_COMMENTS = YES;
				CLANG_WARN_EMPTY_BODY = YES;
				CLANG_WARN_ENUM_CONVERSION = YES;
				CLANG_WARN_INFINITE_RECURSION = YES;
				CLANG_WARN_INT_CONVERSION = YES;
				CLANG_WARN_NON_LITERAL_NULL_CONVERSION = YES;
				CLANG_WARN_OBJC_IMPLICIT_RETAIN_SELF = YES;
				CLANG_WARN_OBJC_LITERAL_CONVERSION = YES;
				CLANG_WARN_OBJC_ROOT_CLASS = YES_ERROR;
				CLANG_WARN_QUOTED_INCLUDE_IN_FRAMEWORK_HEADER = YES;
				CLANG_WARN_RANGE_LOOP_ANALYSIS = YES;
				CLANG_WARN_STRICT_PROTOTYPES = YES;
				CLANG_WARN_SUSPICIOUS_MOVE = YES;
				CLANG_WARN_UNGUARDED_AVAILABILITY = YES_AGGRESSIVE;
				CLANG_WARN_UNREACHABLE_CODE = YES;
				CLANG_WARN__DUPLICATE_METHOD_MATCH = YES;
				COPY_PHASE_STRIP = NO;
				DEBUG_INFORMATION_FORMAT = dwarf;
				ENABLE_STRICT_OBJC_MSGSEND = YES;
				ENABLE_TESTABILITY = YES;
				ENABLE_USER_SCRIPT_SANDBOXING = NO;
				GCC_C_LANGUAGE_STANDARD = gnu11;
				GCC_DYNAMIC_NO_PIC = NO;
				GCC_NO_COMMON_BLOCKS = YES;
				GCC_OPTIMIZATION_LEVEL = 0;
				GCC_PREPROCESSOR_DEFINITIONS = (
					"$(inherited)",
					"DEBUG=1",
				);
				GCC_WARN_64_TO_32_BIT_CONVERSION = YES;
				GCC_WARN_ABOUT_RETURN_TYPE = YES_ERROR;
				GCC_WARN_UNDECLARED_SELECTOR = YES;
				GCC_WARN_UNINITIALIZED_AUTOS = YES_AGGRESSIVE;
				GCC_WARN_UNUSED_FUNCTION = YES;
				GCC_WARN_UNUSED_VARIABLE = YES;
				MACOSX_DEPLOYMENT_TARGET = 14.0;
				MTL_ENABLE_DEBUG_INFO = INCLUDE_SOURCE;
				MTL_FAST_MATH = YES;
				ONLY_ACTIVE_ARCH = YES;
				PRODUCT_NAME = "$(TARGET_NAME)";
				SDKROOT = macosx;
				SWIFT_ACTIVE_COMPILATION_CONDITIONS = DEBUG;
				SWIFT_OPTIMIZATION_LEVEL = "-Onone";
				SWIFT_STRICT_CONCURRENCY = complete;
				SWIFT_VERSION = 5.0;
			};
			name = Debug;
		};
		0269462D0B5BBA7A3FEDD0C4 /* Debug */ = {
			isa = XCBuildConfiguration;
			baseConfigurationReference = 2C4376AD2525EACD08426FD3 /* Base.xcconfig */;
			buildSettings = {
				ASSETCATALOG_COMPILER_APPICON_NAME = AppIcon;
				CODE_SIGN_ENTITLEMENTS = FewerShortcutHelper/FewerShortcutHelper.entitlements;
				COMBINE_HIDPI_IMAGES = YES;
				ENABLE_HARDENED_RUNTIME = YES;
				INFOPLIST_FILE = FewerShortcutHelper/Info.plist;
				INFOPLIST_KEY_LSUIElement = YES;
				LD_RUNPATH_SEARCH_PATHS = (
					"$(inherited)",
					"@executable_path/../Frameworks",
				);
				OTHER_LDFLAGS = (
					"$(inherited)",
					"-ObjC",
				);
				PRODUCT_BUNDLE_IDENTIFIER = "com.number47.fewer.shortcut-helper";
				PRODUCT_NAME = FewerShortcutHelper;
				SDKROOT = macosx;
				SKIP_INSTALL = YES;
			};
			name = Debug;
		};
		0786E576AA0BA8CC79A4B184 /* Debug */ = {
			isa = XCBuildConfiguration;
			baseConfigurationReference = 2C4376AD2525EACD08426FD3 /* Base.xcconfig */;
			buildSettings = {
				COMBINE_HIDPI_IMAGES = YES;
				DEFINES_MODULE = YES;
				LD_RUNPATH_SEARCH_PATHS = (
					"$(inherited)",
					"@executable_path/../Frameworks",
				);
				PRODUCT_BUNDLE_IDENTIFIER = com.number47.fewer.core;
				PRODUCT_MODULE_NAME = FewerCore;
				SDKROOT = macosx;
				SKIP_INSTALL = YES;
			};
			name = Debug;
		};
		07D5DC4687F984D3705C18AE /* Release */ = {
			isa = XCBuildConfiguration;
			baseConfigurationReference = 2C4376AD2525EACD08426FD3 /* Base.xcconfig */;
			buildSettings = {
				COMBINE_HIDPI_IMAGES = YES;
				DEFINES_MODULE = YES;
				LD_RUNPATH_SEARCH_PATHS = (
					"$(inherited)",
					"@executable_path/../Frameworks",
				);
				PRODUCT_BUNDLE_IDENTIFIER = com.number47.fewer.core;
				PRODUCT_MODULE_NAME = FewerCore;
				SDKROOT = macosx;
				SKIP_INSTALL = YES;
			};
			name = Release;
		};
		1357ABF166101EDB599A94F8 /* Release */ = {
			isa = XCBuildConfiguration;
			baseConfigurationReference = 2C4376AD2525EACD08426FD3 /* Base.xcconfig */;
			buildSettings = {
				BUNDLE_LOADER = "$(TEST_HOST)";
				CODE_SIGNING_ALLOWED = NO;
				COMBINE_HIDPI_IMAGES = YES;
				GENERATE_INFOPLIST_FILE = YES;
				LD_RUNPATH_SEARCH_PATHS = (
					"$(inherited)",
					"@executable_path/../Frameworks",
					"@loader_path/../Frameworks",
				);
				OTHER_LDFLAGS = (
					"$(inherited)",
					"-ObjC",
				);
				PRODUCT_BUNDLE_IDENTIFIER = "com.number47.fewer.core-tests";
				SDKROOT = macosx;
			};
			name = Release;
		};
		1D183D218E30E5E4357E46F0 /* Debug */ = {
			isa = XCBuildConfiguration;
			baseConfigurationReference = 2C4376AD2525EACD08426FD3 /* Base.xcconfig */;
			buildSettings = {
				ASSETCATALOG_COMPILER_APPICON_NAME = AppIcon;
				CODE_SIGN_ENTITLEMENTS = FewerApp/Fewer.entitlements;
				COMBINE_HIDPI_IMAGES = YES;
				ENABLE_HARDENED_RUNTIME = YES;
				INFOPLIST_FILE = FewerApp/Info.plist;
				INFOPLIST_KEY_LSUIElement = YES;
				LD_RUNPATH_SEARCH_PATHS = (
					"$(inherited)",
					"@executable_path/../Frameworks",
				);
				OTHER_LDFLAGS = (
					"$(inherited)",
					"-ObjC",
				);
				PRODUCT_BUNDLE_IDENTIFIER = com.number47.fewer;
				PRODUCT_NAME = Fewer;
				SDKROOT = macosx;
				SWIFT_OBJC_BRIDGING_HEADER = FewerApp/Support/SystemMetricsBridge.h;
			};
			name = Debug;
		};
		5C928778529BDB6506817FB9 /* Debug */ = {
			isa = XCBuildConfiguration;
			baseConfigurationReference = 2C4376AD2525EACD08426FD3 /* Base.xcconfig */;
			buildSettings = {
				BUNDLE_LOADER = "$(TEST_HOST)";
				COMBINE_HIDPI_IMAGES = YES;
				GENERATE_INFOPLIST_FILE = YES;
				LD_RUNPATH_SEARCH_PATHS = (
					"$(inherited)",
					"@executable_path/Frameworks",
					"@loader_path/Frameworks",
				);
				PRODUCT_BUNDLE_IDENTIFIER = "com.number47.fewer.ui-tests";
				SDKROOT = macosx;
				TEST_TARGET_NAME = Fewer;
			};
			name = Debug;
		};
		B81C6AFB886793598C791ECF /* Debug */ = {
			isa = XCBuildConfiguration;
			baseConfigurationReference = 2C4376AD2525EACD08426FD3 /* Base.xcconfig */;
			buildSettings = {
				BUNDLE_LOADER = "$(TEST_HOST)";
				CODE_SIGNING_ALLOWED = NO;
				COMBINE_HIDPI_IMAGES = YES;
				GENERATE_INFOPLIST_FILE = YES;
				LD_RUNPATH_SEARCH_PATHS = (
					"$(inherited)",
					"@executable_path/../Frameworks",
					"@loader_path/../Frameworks",
				);
				OTHER_LDFLAGS = (
					"$(inherited)",
					"-ObjC",
				);
				PRODUCT_BUNDLE_IDENTIFIER = "com.number47.fewer.core-tests";
				SDKROOT = macosx;
			};
			name = Debug;
		};
		BCDD432A33CDE5622072B509 /* Release */ = {
			isa = XCBuildConfiguration;
			baseConfigurationReference = 2C4376AD2525EACD08426FD3 /* Base.xcconfig */;
			buildSettings = {
				APPLICATION_EXTENSION_API_ONLY = YES;
				CODE_SIGN_ENTITLEMENTS = FewerFinderExtension/FewerFinderExtension.entitlements;
				COMBINE_HIDPI_IMAGES = YES;
				ENABLE_HARDENED_RUNTIME = YES;
				INFOPLIST_FILE = FewerFinderExtension/Info.plist;
				LD_RUNPATH_SEARCH_PATHS = (
					"$(inherited)",
					"@executable_path/../Frameworks",
					"@executable_path/../../../../Frameworks",
				);
				OTHER_LDFLAGS = (
					"$(inherited)",
					"-ObjC",
				);
				PRODUCT_BUNDLE_IDENTIFIER = "com.number47.fewer.finder-extension";
				PRODUCT_NAME = FewerFinderExtension;
				SDKROOT = macosx;
				SKIP_INSTALL = YES;
			};
			name = Release;
		};
		C68F16CD9CEDB995E9044A66 /* Release */ = {
			isa = XCBuildConfiguration;
			baseConfigurationReference = 2C4376AD2525EACD08426FD3 /* Base.xcconfig */;
			buildSettings = {
				BUNDLE_LOADER = "$(TEST_HOST)";
				COMBINE_HIDPI_IMAGES = YES;
				GENERATE_INFOPLIST_FILE = YES;
				LD_RUNPATH_SEARCH_PATHS = (
					"$(inherited)",
					"@executable_path/Frameworks",
					"@loader_path/Frameworks",
				);
				PRODUCT_BUNDLE_IDENTIFIER = "com.number47.fewer.ui-tests";
				SDKROOT = macosx;
				TEST_TARGET_NAME = Fewer;
			};
			name = Release;
		};
		D6CB0894A9D8EC5F600AB862 /* Release */ = {
			isa = XCBuildConfiguration;
			baseConfigurationReference = 2C4376AD2525EACD08426FD3 /* Base.xcconfig */;
			buildSettings = {
				ASSETCATALOG_COMPILER_APPICON_NAME = AppIcon;
				CODE_SIGN_ENTITLEMENTS = FewerApp/Fewer.entitlements;
				COMBINE_HIDPI_IMAGES = YES;
				ENABLE_HARDENED_RUNTIME = YES;
				INFOPLIST_FILE = FewerApp/Info.plist;
				INFOPLIST_KEY_LSUIElement = YES;
				LD_RUNPATH_SEARCH_PATHS = (
					"$(inherited)",
					"@executable_path/../Frameworks",
				);
				OTHER_LDFLAGS = (
					"$(inherited)",
					"-ObjC",
				);
				PRODUCT_BUNDLE_IDENTIFIER = com.number47.fewer;
				PRODUCT_NAME = Fewer;
				SDKROOT = macosx;
				SWIFT_OBJC_BRIDGING_HEADER = FewerApp/Support/SystemMetricsBridge.h;
			};
			name = Release;
		};
		D956CF25B590F0878B5C2A80 /* Release */ = {
			isa = XCBuildConfiguration;
			baseConfigurationReference = 2C4376AD2525EACD08426FD3 /* Base.xcconfig */;
			buildSettings = {
				ASSETCATALOG_COMPILER_APPICON_NAME = AppIcon;
				CODE_SIGN_ENTITLEMENTS = FewerShortcutHelper/FewerShortcutHelper.entitlements;
				COMBINE_HIDPI_IMAGES = YES;
				ENABLE_HARDENED_RUNTIME = YES;
				INFOPLIST_FILE = FewerShortcutHelper/Info.plist;
				INFOPLIST_KEY_LSUIElement = YES;
				LD_RUNPATH_SEARCH_PATHS = (
					"$(inherited)",
					"@executable_path/../Frameworks",
				);
				OTHER_LDFLAGS = (
					"$(inherited)",
					"-ObjC",
				);
				PRODUCT_BUNDLE_IDENTIFIER = "com.number47.fewer.shortcut-helper";
				PRODUCT_NAME = FewerShortcutHelper;
				SDKROOT = macosx;
				SKIP_INSTALL = YES;
			};
			name = Release;
		};
		DFFD6466CBDFCA6DDC787C1A /* Debug */ = {
			isa = XCBuildConfiguration;
			baseConfigurationReference = 2C4376AD2525EACD08426FD3 /* Base.xcconfig */;
			buildSettings = {
				APPLICATION_EXTENSION_API_ONLY = YES;
				CODE_SIGN_ENTITLEMENTS = FewerFinderExtension/FewerFinderExtension.entitlements;
				COMBINE_HIDPI_IMAGES = YES;
				ENABLE_HARDENED_RUNTIME = YES;
				INFOPLIST_FILE = FewerFinderExtension/Info.plist;
				LD_RUNPATH_SEARCH_PATHS = (
					"$(inherited)",
					"@executable_path/../Frameworks",
					"@executable_path/../../../../Frameworks",
				);
				OTHER_LDFLAGS = (
					"$(inherited)",
					"-ObjC",
				);
				PRODUCT_BUNDLE_IDENTIFIER = "com.number47.fewer.finder-extension";
				PRODUCT_NAME = FewerFinderExtension;
				SDKROOT = macosx;
				SKIP_INSTALL = YES;
			};
			name = Debug;
		};
		F2163E73DEC636AD2BF8FBDC /* Release */ = {
			isa = XCBuildConfiguration;
			buildSettings = {
				ALWAYS_SEARCH_USER_PATHS = NO;
				CLANG_ANALYZER_NONNULL = YES;
				CLANG_ANALYZER_NUMBER_OBJECT_CONVERSION = YES_AGGRESSIVE;
				CLANG_CXX_LANGUAGE_STANDARD = "gnu++14";
				CLANG_CXX_LIBRARY = "libc++";
				CLANG_ENABLE_MODULES = YES;
				CLANG_ENABLE_OBJC_ARC = YES;
				CLANG_ENABLE_OBJC_WEAK = YES;
				CLANG_WARN_BLOCK_CAPTURE_AUTORELEASING = YES;
				CLANG_WARN_BOOL_CONVERSION = YES;
				CLANG_WARN_COMMA = YES;
				CLANG_WARN_CONSTANT_CONVERSION = YES;
				CLANG_WARN_DEPRECATED_OBJC_IMPLEMENTATIONS = YES;
				CLANG_WARN_DIRECT_OBJC_ISA_USAGE = YES_ERROR;
				CLANG_WARN_DOCUMENTATION_COMMENTS = YES;
				CLANG_WARN_EMPTY_BODY = YES;
				CLANG_WARN_ENUM_CONVERSION = YES;
				CLANG_WARN_INFINITE_RECURSION = YES;
				CLANG_WARN_INT_CONVERSION = YES;
				CLANG_WARN_NON_LITERAL_NULL_CONVERSION = YES;
				CLANG_WARN_OBJC_IMPLICIT_RETAIN_SELF = YES;
				CLANG_WARN_OBJC_LITERAL_CONVERSION = YES;
				CLANG_WARN_OBJC_ROOT_CLASS = YES_ERROR;
				CLANG_WARN_QUOTED_INCLUDE_IN_FRAMEWORK_HEADER = YES;
				CLANG_WARN_RANGE_LOOP_ANALYSIS = YES;
				CLANG_WARN_STRICT_PROTOTYPES = YES;
				CLANG_WARN_SUSPICIOUS_MOVE = YES;
				CLANG_WARN_UNGUARDED_AVAILABILITY = YES_AGGRESSIVE;
				CLANG_WARN_UNREACHABLE_CODE = YES;
				CLANG_WARN__DUPLICATE_METHOD_MATCH = YES;
				COPY_PHASE_STRIP = NO;
				DEBUG_INFORMATION_FORMAT = "dwarf-with-dsym";
				ENABLE_NS_ASSERTIONS = NO;
				ENABLE_STRICT_OBJC_MSGSEND = YES;
				ENABLE_USER_SCRIPT_SANDBOXING = NO;
				GCC_C_LANGUAGE_STANDARD = gnu11;
				GCC_NO_COMMON_BLOCKS = YES;
				GCC_WARN_64_TO_32_BIT_CONVERSION = YES;
				GCC_WARN_ABOUT_RETURN_TYPE = YES_ERROR;
				GCC_WARN_UNDECLARED_SELECTOR = YES;
				GCC_WARN_UNINITIALIZED_AUTOS = YES_AGGRESSIVE;
				GCC_WARN_UNUSED_FUNCTION = YES;
				GCC_WARN_UNUSED_VARIABLE = YES;
				MACOSX_DEPLOYMENT_TARGET = 14.0;
				MTL_ENABLE_DEBUG_INFO = NO;
				MTL_FAST_MATH = YES;
				PRODUCT_NAME = "$(TARGET_NAME)";
				SDKROOT = macosx;
				SWIFT_COMPILATION_MODE = wholemodule;
				SWIFT_OPTIMIZATION_LEVEL = "-O";
				SWIFT_STRICT_CONCURRENCY = complete;
				SWIFT_VERSION = 5.0;
			};
			name = Release;
		};
/* End XCBuildConfiguration section */

/* Begin XCConfigurationList section */
		39B2C76DA857A68C3E7E7CA7 /* Build configuration list for PBXNativeTarget "FewerCore" */ = {
			isa = XCConfigurationList;
			buildConfigurations = (
				0786E576AA0BA8CC79A4B184 /* Debug */,
				07D5DC4687F984D3705C18AE /* Release */,
			);
			defaultConfigurationIsVisible = 0;
			defaultConfigurationName = Debug;
		};
		3E6929CF799590CDE46571AA /* Build configuration list for PBXNativeTarget "FewerShortcutHelper" */ = {
			isa = XCConfigurationList;
			buildConfigurations = (
				0269462D0B5BBA7A3FEDD0C4 /* Debug */,
				D956CF25B590F0878B5C2A80 /* Release */,
			);
			defaultConfigurationIsVisible = 0;
			defaultConfigurationName = Debug;
		};
		67F91BD6D1DF52E23514A8DE /* Build configuration list for PBXNativeTarget "FewerUITests" */ = {
			isa = XCConfigurationList;
			buildConfigurations = (
				5C928778529BDB6506817FB9 /* Debug */,
				C68F16CD9CEDB995E9044A66 /* Release */,
			);
			defaultConfigurationIsVisible = 0;
			defaultConfigurationName = Debug;
		};
		7450F34C1661281999FE3D58 /* Build configuration list for PBXNativeTarget "FewerCoreTests" */ = {
			isa = XCConfigurationList;
			buildConfigurations = (
				B81C6AFB886793598C791ECF /* Debug */,
				1357ABF166101EDB599A94F8 /* Release */,
			);
			defaultConfigurationIsVisible = 0;
			defaultConfigurationName = Debug;
		};
		8D19CCA66EA2951555FAF83D /* Build configuration list for PBXNativeTarget "FewerFinderExtension" */ = {
			isa = XCConfigurationList;
			buildConfigurations = (
				DFFD6466CBDFCA6DDC787C1A /* Debug */,
				BCDD432A33CDE5622072B509 /* Release */,
			);
			defaultConfigurationIsVisible = 0;
			defaultConfigurationName = Debug;
		};
		9284A5967D3C121841CF67FD /* Build configuration list for PBXProject "Fewer" */ = {
			isa = XCConfigurationList;
			buildConfigurations = (
				012536514A62027C78AD892F /* Debug */,
				F2163E73DEC636AD2BF8FBDC /* Release */,
			);
			defaultConfigurationIsVisible = 0;
			defaultConfigurationName = Debug;
		};
		F00F1860AE0F7AD5918F0219 /* Build configuration list for PBXNativeTarget "Fewer" */ = {
			isa = XCConfigurationList;
			buildConfigurations = (
				1D183D218E30E5E4357E46F0 /* Debug */,
				D6CB0894A9D8EC5F600AB862 /* Release */,
			);
			defaultConfigurationIsVisible = 0;
			defaultConfigurationName = Debug;
		};
/* End XCConfigurationList section */
	};
	rootObject = E86381287456766201C270D6 /* Project object */;
}
